// !$*UTF8*$!
{
	archiveVersion = 1;
	classes = {
	};
	objectVersion = 46;
	objects = {

/* Begin PBXBuildFile section */
		1B10953C1C58699D00465235 /* libz.tbd in Frameworks */ = {isa = PBXBuildFile; fileRef = 1B10953B1C58699D00465235 /* libz.tbd */; };
		1B10953E1C5869AA00465235 /* libsqlite3.0.tbd in Frameworks */ = {isa = PBXBuildFile; fileRef = 1B10953D1C5869AA00465235 /* libsqlite3.0.tbd */; };
		1B1095401C5869B600465235 /* libxml2.tbd in Frameworks */ = {isa = PBXBuildFile; fileRef = 1B10953F1C5869B600465235 /* libxml2.tbd */; };
		1B1095431C586F8F00465235 /* ManuscriptsDB.m in Sources */ = {isa = PBXBuildFile; fileRef = 1B1095421C586F8F00465235 /* ManuscriptsDB.m */; };
		1B1095461C58716F00465235 /* ScriptItem.m in Sources */ = {isa = PBXBuildFile; fileRef = 1B1095451C58716F00465235 /* ScriptItem.m */; };
		1B10954A1C58F96B00465235 /* UserGuideViewController.m in Sources */ = {isa = PBXBuildFile; fileRef = 1B1095491C58F96B00465235 /* UserGuideViewController.m */; };
		1B10954E1C59080A00465235 /* NewTextController.m in Sources */ = {isa = PBXBuildFile; fileRef = 1B10954D1C59080A00465235 /* NewTextController.m */; };
		1B1095511C590AAC00465235 /* NewImageController.m in Sources */ = {isa = PBXBuildFile; fileRef = 1B1095501C590AAC00465235 /* NewImageController.m */; };
		1B1095541C590BF100465235 /* NewAudioController.m in Sources */ = {isa = PBXBuildFile; fileRef = 1B1095531C590BF100465235 /* NewAudioController.m */; };
		1B1095571C590CBB00465235 /* NewVideoController.m in Sources */ = {isa = PBXBuildFile; fileRef = 1B1095561C590CBB00465235 /* NewVideoController.m */; };
		1B1095671C59A8DE00465235 /* TemplateManageController.m in Sources */ = {isa = PBXBuildFile; fileRef = 1B1095661C59A8DE00465235 /* TemplateManageController.m */; };
		1B10956A1C59A9BA00465235 /* NewArticlesController.m in Sources */ = {isa = PBXBuildFile; fileRef = 1B1095691C59A9BA00465235 /* NewArticlesController.m */; };
		1B10956E1C59AB2300465235 /* MoreViewController.m in Sources */ = {isa = PBXBuildFile; fileRef = 1B10956D1C59AB2300465235 /* MoreViewController.m */; };
		1B1095711C59ABD700465235 /* SystemManagerController.m in Sources */ = {isa = PBXBuildFile; fileRef = 1B1095701C59ABD700465235 /* SystemManagerController.m */; };
		1B1095741C59AC7900465235 /* AuditNewsViewController.m in Sources */ = {isa = PBXBuildFile; fileRef = 1B1095731C59AC7900465235 /* AuditNewsViewController.m */; };
		1B1095771C59C00900465235 /* SendToAddressController.m in Sources */ = {isa = PBXBuildFile; fileRef = 1B1095761C59C00900465235 /* SendToAddressController.m */; };
		1B10957A1C59FF3D00465235 /* EmployeeSendToAddressDB.m in Sources */ = {isa = PBXBuildFile; fileRef = 1B1095791C59FF3D00465235 /* EmployeeSendToAddressDB.m */; };
		1B10957D1C5A001700465235 /* EmployeeSendToAddress.m in Sources */ = {isa = PBXBuildFile; fileRef = 1B10957C1C5A001700465235 /* EmployeeSendToAddress.m */; };
		1B1095801C5C5D3C00465235 /* NewTagDetailViewController.m in Sources */ = {isa = PBXBuildFile; fileRef = 1B10957F1C5C5D3C00465235 /* NewTagDetailViewController.m */; };
		1B1095841C5CEA2700465235 /* EditScriptCell.m in Sources */ = {isa = PBXBuildFile; fileRef = 1B1095831C5CEA2700465235 /* EditScriptCell.m */; };
		1B1095871C5E17D900465235 /* AuditNewsItem.m in Sources */ = {isa = PBXBuildFile; fileRef = 1B1095861C5E17D900465235 /* AuditNewsItem.m */; };
		1B10958A1C5E1C9400465235 /* DetailAuditNewsViewController.m in Sources */ = {isa = PBXBuildFile; fileRef = 1B1095891C5E1C9400465235 /* DetailAuditNewsViewController.m */; };
		1B10958D1C5F08E700465235 /* MAlertView.m in Sources */ = {isa = PBXBuildFile; fileRef = 1B10958C1C5F08E700465235 /* MAlertView.m */; };
		1B1095901C5F4B7700465235 /* DocTypeSuperController.m in Sources */ = {isa = PBXBuildFile; fileRef = 1B10958F1C5F4B7700465235 /* DocTypeSuperController.m */; };
		1B1095931C5F5BEA00465235 /* DocTypeSecLVController.m in Sources */ = {isa = PBXBuildFile; fileRef = 1B1095921C5F5BEA00465235 /* DocTypeSecLVController.m */; };
		1B1095961C5F60A000465235 /* DocTypeTriLVController.m in Sources */ = {isa = PBXBuildFile; fileRef = 1B1095951C5F60A000465235 /* DocTypeTriLVController.m */; };
		1B1095991C5F68A700465235 /* DocTypeUltraLVController.m in Sources */ = {isa = PBXBuildFile; fileRef = 1B1095981C5F68A700465235 /* DocTypeUltraLVController.m */; };
		1B10959D1C5F90F100465235 /* VideoGrid.m in Sources */ = {isa = PBXBuildFile; fileRef = 1B10959C1C5F90F100465235 /* VideoGrid.m */; };
		1B1095A01C60981200465235 /* AttachDetailController.m in Sources */ = {isa = PBXBuildFile; fileRef = 1B10959F1C60981200465235 /* AttachDetailController.m */; };
		1B1095A31C6099FF00465235 /* UIView+FirstResponder.m in Sources */ = {isa = PBXBuildFile; fileRef = 1B1095A21C6099FF00465235 /* UIView+FirstResponder.m */; };
		1B1095A61C61A3D100465235 /* RecordVoiceController.m in Sources */ = {isa = PBXBuildFile; fileRef = 1B1095A51C61A3D100465235 /* RecordVoiceController.m */; };
		1B1095AF1C6349B000465235 /* iflyMSC.framework in Frameworks */ = {isa = PBXBuildFile; fileRef = 1B1095AE1C6349B000465235 /* iflyMSC.framework */; };
		1B33EA091C525DDD00223AFF /* AccessoriesDB.m in Sources */ = {isa = PBXBuildFile; fileRef = 1B33EA081C525DDD00223AFF /* AccessoriesDB.m */; };
		1B33EA0C1C5260DD00223AFF /* UploadMaker.m in Sources */ = {isa = PBXBuildFile; fileRef = 1B33EA0B1C5260DD00223AFF /* UploadMaker.m */; };
		1B33EA151C5329F500223AFF /* SendToAddressDB.m in Sources */ = {isa = PBXBuildFile; fileRef = 1B33EA141C5329F500223AFF /* SendToAddressDB.m */; };
		1B622EA91C6F05D600368A1A /* UploadTaskCell.m in Sources */ = {isa = PBXBuildFile; fileRef = 1B622EA81C6F05D600368A1A /* UploadTaskCell.m */; };
		1B622EAC1C6F09E200368A1A /* TaskManagementViewController.m in Sources */ = {isa = PBXBuildFile; fileRef = 1B622EAB1C6F09E200368A1A /* TaskManagementViewController.m */; };
		1B622EAF1C6F18AF00368A1A /* EditingScriptController.m in Sources */ = {isa = PBXBuildFile; fileRef = 1B622EAE1C6F18AF00368A1A /* EditingScriptController.m */; };
		1B622EB21C6F194400368A1A /* SendedScriptController.m in Sources */ = {isa = PBXBuildFile; fileRef = 1B622EB11C6F194400368A1A /* SendedScriptController.m */; };
		1B622EB61C701AAB00368A1A /* AbandonedScriptController.m in Sources */ = {isa = PBXBuildFile; fileRef = 1B622EB51C701AAB00368A1A /* AbandonedScriptController.m */; };
		1B622EB91C70261A00368A1A /* AbandonedScriptCell.m in Sources */ = {isa = PBXBuildFile; fileRef = 1B622EB81C70261A00368A1A /* AbandonedScriptCell.m */; };
		1B622EBC1C70488700368A1A /* ModalAlert.m in Sources */ = {isa = PBXBuildFile; fileRef = 1B622EBB1C70488700368A1A /* ModalAlert.m */; };
		1B622EBF1C70593A00368A1A /* AudioPlayerController.m in Sources */ = {isa = PBXBuildFile; fileRef = 1B622EBE1C70593A00368A1A /* AudioPlayerController.m */; };
		1B93B2141C68456200DE77F7 /* IATConfig.m in Sources */ = {isa = PBXBuildFile; fileRef = 1B93B2131C68456200DE77F7 /* IATConfig.m */; };
		1BD6BB611C639F4F00BA54F3 /* CoreLocation.framework in Frameworks */ = {isa = PBXBuildFile; fileRef = 1BD6BB601C639F4F00BA54F3 /* CoreLocation.framework */; };
		1BD6BB631C639F5800BA54F3 /* CoreTelephony.framework in Frameworks */ = {isa = PBXBuildFile; fileRef = 1BD6BB621C639F5800BA54F3 /* CoreTelephony.framework */; };
		1BD6BB651C639F6500BA54F3 /* AVFoundation.framework in Frameworks */ = {isa = PBXBuildFile; fileRef = 1BD6BB641C639F6500BA54F3 /* AVFoundation.framework */; };
		1BD6BB671C639F7600BA54F3 /* AddressBook.framework in Frameworks */ = {isa = PBXBuildFile; fileRef = 1BD6BB661C639F7600BA54F3 /* AddressBook.framework */; };
		1BD6BB691C639F8600BA54F3 /* AudioToolbox.framework in Frameworks */ = {isa = PBXBuildFile; fileRef = 1BD6BB681C639F8600BA54F3 /* AudioToolbox.framework */; };
		1BD6BB6B1C639F9B00BA54F3 /* SystemConfiguration.framework in Frameworks */ = {isa = PBXBuildFile; fileRef = 1BD6BB6A1C639F9B00BA54F3 /* SystemConfiguration.framework */; };
		1BD6BB6D1C639FAE00BA54F3 /* QuartzCore.framework in Frameworks */ = {isa = PBXBuildFile; fileRef = 1BD6BB6C1C639FAE00BA54F3 /* QuartzCore.framework */; };
		1BD6BB6F1C639FC100BA54F3 /* CoreGraphics.framework in Frameworks */ = {isa = PBXBuildFile; fileRef = 1BD6BB6E1C639FC100BA54F3 /* CoreGraphics.framework */; };
		2713AF9B1C4C7492006AA96D /* NSString+Security.m in Sources */ = {isa = PBXBuildFile; fileRef = 2713AF9A1C4C7492006AA96D /* NSString+Security.m */; };
		2713AF9E1C4C8217006AA96D /* NetworkManager.m in Sources */ = {isa = PBXBuildFile; fileRef = 2713AF9D1C4C8217006AA96D /* NetworkManager.m */; };
		2713AFA11C4C89F3006AA96D /* UploadQueue.m in Sources */ = {isa = PBXBuildFile; fileRef = 2713AFA01C4C89F3006AA96D /* UploadQueue.m */; };
		2713AFAD1C4CEB11006AA96D /* NSData+LTExtension.m in Sources */ = {isa = PBXBuildFile; fileRef = 2713AFAC1C4CEB11006AA96D /* NSData+LTExtension.m */; };
		2713AFB31C50C0EF006AA96D /* CommonClient.m in Sources */ = {isa = PBXBuildFile; fileRef = 2713AFB21C50C0EF006AA96D /* CommonClient.m */; };
		2713AFB61C51C88A006AA96D /* BasicInfoUtility.m in Sources */ = {isa = PBXBuildFile; fileRef = 2713AFB51C51C88A006AA96D /* BasicInfoUtility.m */; };
		2713AFB91C51F8CC006AA96D /* ManuscriptTemplateDB.m in Sources */ = {isa = PBXBuildFile; fileRef = 2713AFB81C51F8CC006AA96D /* ManuscriptTemplateDB.m */; };
		2713AFBF1C5214F8006AA96D /* OpenUDID.m in Sources */ = {isa = PBXBuildFile; fileRef = 2713AFBD1C5214F8006AA96D /* OpenUDID.m */; };
		2713AFC31C523069006AA96D /* MediaTypeXmlAnalytic.m in Sources */ = {isa = PBXBuildFile; fileRef = 2713AFC21C523069006AA96D /* MediaTypeXmlAnalytic.m */; };
		2713AFC61C55B2BA006AA96D /* BasicXmlList.plist in Resources */ = {isa = PBXBuildFile; fileRef = 2713AFC41C55B2BA006AA96D /* BasicXmlList.plist */; };
		2713AFC71C55B2BA006AA96D /* mc.db in Resources */ = {isa = PBXBuildFile; fileRef = 2713AFC51C55B2BA006AA96D /* mc.db */; };
		2713AFCA1C55C16C006AA96D /* LanguageDB.m in Sources */ = {isa = PBXBuildFile; fileRef = 2713AFC91C55C16C006AA96D /* LanguageDB.m */; };
		2713AFCD1C55C313006AA96D /* NewTypeDB.m in Sources */ = {isa = PBXBuildFile; fileRef = 2713AFCC1C55C313006AA96D /* NewTypeDB.m */; };
		2713AFD01C55C401006AA96D /* RegionDB.m in Sources */ = {isa = PBXBuildFile; fileRef = 2713AFCF1C55C401006AA96D /* RegionDB.m */; };
		2713AFD31C55C61B006AA96D /* PlaceDB.m in Sources */ = {isa = PBXBuildFile; fileRef = 2713AFD21C55C61B006AA96D /* PlaceDB.m */; };
		2713AFD61C55C814006AA96D /* NewsCategoryDB.m in Sources */ = {isa = PBXBuildFile; fileRef = 2713AFD51C55C814006AA96D /* NewsCategoryDB.m */; };
		2713AFD91C55C907006AA96D /* ComeFromAddressDB.m in Sources */ = {isa = PBXBuildFile; fileRef = 2713AFD81C55C907006AA96D /* ComeFromAddressDB.m */; };
		2713AFDC1C55CA00006AA96D /* ProvideTypeDB.m in Sources */ = {isa = PBXBuildFile; fileRef = 2713AFDB1C55CA00006AA96D /* ProvideTypeDB.m */; };
		2713AFDF1C55CABA006AA96D /* NewsPriorityDB.m in Sources */ = {isa = PBXBuildFile; fileRef = 2713AFDE1C55CABA006AA96D /* NewsPriorityDB.m */; };
		2713AFEA1C56153A006AA96D /* ScriptCell.m in Sources */ = {isa = PBXBuildFile; fileRef = 2713AFE91C56153A006AA96D /* ScriptCell.m */; };
		2713B0121C585C63006AA96D /* Accessories.m in Sources */ = {isa = PBXBuildFile; fileRef = 2713AFF51C585C63006AA96D /* Accessories.m */; };
		2713B0131C585C63006AA96D /* ComeFromAddress.m in Sources */ = {isa = PBXBuildFile; fileRef = 2713AFF71C585C63006AA96D /* ComeFromAddress.m */; };
		2713B0141C585C63006AA96D /* CommonModel.m in Sources */ = {isa = PBXBuildFile; fileRef = 2713AFF91C585C63006AA96D /* CommonModel.m */; };
		2713B0151C585C63006AA96D /* Language.m in Sources */ = {isa = PBXBuildFile; fileRef = 2713AFFB1C585C63006AA96D /* Language.m */; };
		2713B0161C585C63006AA96D /* Manuscripts.m in Sources */ = {isa = PBXBuildFile; fileRef = 2713AFFD1C585C63006AA96D /* Manuscripts.m */; };
		2713B0171C585C63006AA96D /* ManuscriptTemplate.m in Sources */ = {isa = PBXBuildFile; fileRef = 2713AFFF1C585C63006AA96D /* ManuscriptTemplate.m */; };
		2713B0181C585C63006AA96D /* NewsCategory.m in Sources */ = {isa = PBXBuildFile; fileRef = 2713B0011C585C63006AA96D /* NewsCategory.m */; };
		2713B0191C585C63006AA96D /* NewsPriority.m in Sources */ = {isa = PBXBuildFile; fileRef = 2713B0031C585C63006AA96D /* NewsPriority.m */; };
		2713B01A1C585C63006AA96D /* NewsType.m in Sources */ = {isa = PBXBuildFile; fileRef = 2713B0051C585C63006AA96D /* NewsType.m */; };
		2713B01B1C585C63006AA96D /* Place.m in Sources */ = {isa = PBXBuildFile; fileRef = 2713B0071C585C63006AA96D /* Place.m */; };
		2713B01C1C585C63006AA96D /* ProvideType.m in Sources */ = {isa = PBXBuildFile; fileRef = 2713B0091C585C63006AA96D /* ProvideType.m */; };
		2713B01D1C585C63006AA96D /* Region.m in Sources */ = {isa = PBXBuildFile; fileRef = 2713B00B1C585C63006AA96D /* Region.m */; };
		2713B01E1C585C63006AA96D /* SendToAddress.m in Sources */ = {isa = PBXBuildFile; fileRef = 2713B00D1C585C63006AA96D /* SendToAddress.m */; };
		2713B01F1C585C63006AA96D /* ServerAddress.m in Sources */ = {isa = PBXBuildFile; fileRef = 2713B00F1C585C63006AA96D /* ServerAddress.m */; };
		2713B0201C585C63006AA96D /* User.m in Sources */ = {isa = PBXBuildFile; fileRef = 2713B0111C585C63006AA96D /* User.m */; };
		2718C09B1C30D12300457E66 /* main.m in Sources */ = {isa = PBXBuildFile; fileRef = 2718C09A1C30D12300457E66 /* main.m */; };
		2718C0A61C30D12300457E66 /* Assets.xcassets in Resources */ = {isa = PBXBuildFile; fileRef = 2718C0A51C30D12300457E66 /* Assets.xcassets */; };
		2718C0A91C30D12300457E66 /* LaunchScreen.storyboard in Resources */ = {isa = PBXBuildFile; fileRef = 2718C0A71C30D12300457E66 /* LaunchScreen.storyboard */; };
		2718C0B41C30D12300457E66 /* CNewsProTests.m in Sources */ = {isa = PBXBuildFile; fileRef = 2718C0B31C30D12300457E66 /* CNewsProTests.m */; };
		2718C0BF1C30D12300457E66 /* CNewsProUITests.m in Sources */ = {isa = PBXBuildFile; fileRef = 2718C0BE1C30D12300457E66 /* CNewsProUITests.m */; };
		278D927E1C488CF80017415B /* BasicDatabase.m in Sources */ = {isa = PBXBuildFile; fileRef = 278D927D1C488CF80017415B /* BasicDatabase.m */; };
		278D92811C489D3F0017415B /* UserDB.m in Sources */ = {isa = PBXBuildFile; fileRef = 278D92801C489D3F0017415B /* UserDB.m */; };
		278D92841C48C91D0017415B /* LoginManagermentController.m in Sources */ = {isa = PBXBuildFile; fileRef = 278D92831C48C91D0017415B /* LoginManagermentController.m */; };
		278D928B1C48D4C80017415B /* ServerAddressDB.m in Sources */ = {isa = PBXBuildFile; fileRef = 278D928A1C48D4C80017415B /* ServerAddressDB.m */; };
		278D92901C48DFBE0017415B /* UIDevice+IdentifierAddition.m in Sources */ = {isa = PBXBuildFile; fileRef = 278D928F1C48DFBE0017415B /* UIDevice+IdentifierAddition.m */; };
		27A83D4C1C46371F0055502E /* AppDelegate.m in Sources */ = {isa = PBXBuildFile; fileRef = 27A83D4B1C46371F0055502E /* AppDelegate.m */; };
		27A83D521C463BC40055502E /* XinHuaManuscriptController.m in Sources */ = {isa = PBXBuildFile; fileRef = 27A83D501C463BC40055502E /* XinHuaManuscriptController.m */; };
		27A83D531C463BC40055502E /* XinHuaManuscriptController.xib in Resources */ = {isa = PBXBuildFile; fileRef = 27A83D511C463BC40055502E /* XinHuaManuscriptController.xib */; };
		27A83D571C463DA10055502E /* Utility.m in Sources */ = {isa = PBXBuildFile; fileRef = 27A83D561C463DA10055502E /* Utility.m */; };
		27A83D661C4659BF0055502E /* RequestMaker.m in Sources */ = {isa = PBXBuildFile; fileRef = 27A83D651C4659BF0055502E /* RequestMaker.m */; };
		27A83E301C473C060055502E /* UploadManager.m in Sources */ = {isa = PBXBuildFile; fileRef = 27A83E2F1C473C060055502E /* UploadManager.m */; };
		27A83E331C473DBE0055502E /* UploadClient.m in Sources */ = {isa = PBXBuildFile; fileRef = 27A83E321C473DBE0055502E /* UploadClient.m */; };
		27A83E3B1C4783E40055502E /* RootViewController.m in Sources */ = {isa = PBXBuildFile; fileRef = 27A83E3A1C4783E40055502E /* RootViewController.m */; };
		27A83E3F1C4790CA0055502E /* LoginViewController.m in Sources */ = {isa = PBXBuildFile; fileRef = 27A83E3E1C4790CA0055502E /* LoginViewController.m */; };
		F84121DC539A18C431868CB8 /* libPods.a in Frameworks */ = {isa = PBXBuildFile; fileRef = C01C5E65FB34BB55FD65BD95 /* libPods.a */; };
/* End PBXBuildFile section */

/* Begin PBXContainerItemProxy section */
		2718C0B01C30D12300457E66 /* PBXContainerItemProxy */ = {
			isa = PBXContainerItemProxy;
			containerPortal = 2718C08E1C30D12200457E66 /* Project object */;
			proxyType = 1;
			remoteGlobalIDString = 2718C0951C30D12300457E66;
			remoteInfo = CNewsPro;
		};
		2718C0BB1C30D12300457E66 /* PBXContainerItemProxy */ = {
			isa = PBXContainerItemProxy;
			containerPortal = 2718C08E1C30D12200457E66 /* Project object */;
			proxyType = 1;
			remoteGlobalIDString = 2718C0951C30D12300457E66;
			remoteInfo = CNewsPro;
		};
/* End PBXContainerItemProxy section */

/* Begin PBXFileReference section */
		0EB46AFD6717CD40C21788CE /* Pods.release.xcconfig */ = {isa = PBXFileReference; includeInIndex = 1; lastKnownFileType = text.xcconfig; name = Pods.release.xcconfig; path = "Pods/Target Support Files/Pods/Pods.release.xcconfig"; sourceTree = "<group>"; };
		1B10953B1C58699D00465235 /* libz.tbd */ = {isa = PBXFileReference; lastKnownFileType = "sourcecode.text-based-dylib-definition"; name = libz.tbd; path = usr/lib/libz.tbd; sourceTree = SDKROOT; };
		1B10953D1C5869AA00465235 /* libsqlite3.0.tbd */ = {isa = PBXFileReference; lastKnownFileType = "sourcecode.text-based-dylib-definition"; name = libsqlite3.0.tbd; path = usr/lib/libsqlite3.0.tbd; sourceTree = SDKROOT; };
		1B10953F1C5869B600465235 /* libxml2.tbd */ = {isa = PBXFileReference; lastKnownFileType = "sourcecode.text-based-dylib-definition"; name = libxml2.tbd; path = usr/lib/libxml2.tbd; sourceTree = SDKROOT; };
		1B1095411C586F8F00465235 /* ManuscriptsDB.h */ = {isa = PBXFileReference; fileEncoding = 4; lastKnownFileType = sourcecode.c.h; path = ManuscriptsDB.h; sourceTree = "<group>"; };
		1B1095421C586F8F00465235 /* ManuscriptsDB.m */ = {isa = PBXFileReference; fileEncoding = 4; lastKnownFileType = sourcecode.c.objc; path = ManuscriptsDB.m; sourceTree = "<group>"; };
		1B1095441C58716F00465235 /* ScriptItem.h */ = {isa = PBXFileReference; fileEncoding = 4; lastKnownFileType = sourcecode.c.h; path = ScriptItem.h; sourceTree = "<group>"; };
		1B1095451C58716F00465235 /* ScriptItem.m */ = {isa = PBXFileReference; fileEncoding = 4; lastKnownFileType = sourcecode.c.objc; path = ScriptItem.m; sourceTree = "<group>"; };
		1B1095481C58F96B00465235 /* UserGuideViewController.h */ = {isa = PBXFileReference; fileEncoding = 4; lastKnownFileType = sourcecode.c.h; path = UserGuideViewController.h; sourceTree = "<group>"; };
		1B1095491C58F96B00465235 /* UserGuideViewController.m */ = {isa = PBXFileReference; fileEncoding = 4; lastKnownFileType = sourcecode.c.objc; path = UserGuideViewController.m; sourceTree = "<group>"; };
		1B10954C1C59080A00465235 /* NewTextController.h */ = {isa = PBXFileReference; fileEncoding = 4; lastKnownFileType = sourcecode.c.h; path = NewTextController.h; sourceTree = "<group>"; };
		1B10954D1C59080A00465235 /* NewTextController.m */ = {isa = PBXFileReference; fileEncoding = 4; lastKnownFileType = sourcecode.c.objc; path = NewTextController.m; sourceTree = "<group>"; };
		1B10954F1C590AAC00465235 /* NewImageController.h */ = {isa = PBXFileReference; fileEncoding = 4; lastKnownFileType = sourcecode.c.h; path = NewImageController.h; sourceTree = "<group>"; };
		1B1095501C590AAC00465235 /* NewImageController.m */ = {isa = PBXFileReference; fileEncoding = 4; lastKnownFileType = sourcecode.c.objc; path = NewImageController.m; sourceTree = "<group>"; };
		1B1095521C590BF100465235 /* NewAudioController.h */ = {isa = PBXFileReference; fileEncoding = 4; lastKnownFileType = sourcecode.c.h; path = NewAudioController.h; sourceTree = "<group>"; };
		1B1095531C590BF100465235 /* NewAudioController.m */ = {isa = PBXFileReference; fileEncoding = 4; lastKnownFileType = sourcecode.c.objc; path = NewAudioController.m; sourceTree = "<group>"; };
		1B1095551C590CBB00465235 /* NewVideoController.h */ = {isa = PBXFileReference; fileEncoding = 4; lastKnownFileType = sourcecode.c.h; path = NewVideoController.h; sourceTree = "<group>"; };
		1B1095561C590CBB00465235 /* NewVideoController.m */ = {isa = PBXFileReference; fileEncoding = 4; lastKnownFileType = sourcecode.c.objc; path = NewVideoController.m; sourceTree = "<group>"; };
		1B1095651C59A8DE00465235 /* TemplateManageController.h */ = {isa = PBXFileReference; fileEncoding = 4; lastKnownFileType = sourcecode.c.h; path = TemplateManageController.h; sourceTree = "<group>"; };
		1B1095661C59A8DE00465235 /* TemplateManageController.m */ = {isa = PBXFileReference; fileEncoding = 4; lastKnownFileType = sourcecode.c.objc; path = TemplateManageController.m; sourceTree = "<group>"; };
		1B1095681C59A9BA00465235 /* NewArticlesController.h */ = {isa = PBXFileReference; fileEncoding = 4; lastKnownFileType = sourcecode.c.h; path = NewArticlesController.h; sourceTree = "<group>"; };
		1B1095691C59A9BA00465235 /* NewArticlesController.m */ = {isa = PBXFileReference; fileEncoding = 4; lastKnownFileType = sourcecode.c.objc; path = NewArticlesController.m; sourceTree = "<group>"; };
		1B10956C1C59AB2300465235 /* MoreViewController.h */ = {isa = PBXFileReference; fileEncoding = 4; lastKnownFileType = sourcecode.c.h; path = MoreViewController.h; sourceTree = "<group>"; };
		1B10956D1C59AB2300465235 /* MoreViewController.m */ = {isa = PBXFileReference; fileEncoding = 4; lastKnownFileType = sourcecode.c.objc; path = MoreViewController.m; sourceTree = "<group>"; };
		1B10956F1C59ABD700465235 /* SystemManagerController.h */ = {isa = PBXFileReference; fileEncoding = 4; lastKnownFileType = sourcecode.c.h; path = SystemManagerController.h; sourceTree = "<group>"; };
		1B1095701C59ABD700465235 /* SystemManagerController.m */ = {isa = PBXFileReference; fileEncoding = 4; lastKnownFileType = sourcecode.c.objc; path = SystemManagerController.m; sourceTree = "<group>"; };
		1B1095721C59AC7900465235 /* AuditNewsViewController.h */ = {isa = PBXFileReference; fileEncoding = 4; lastKnownFileType = sourcecode.c.h; path = AuditNewsViewController.h; sourceTree = "<group>"; };
		1B1095731C59AC7900465235 /* AuditNewsViewController.m */ = {isa = PBXFileReference; fileEncoding = 4; lastKnownFileType = sourcecode.c.objc; path = AuditNewsViewController.m; sourceTree = "<group>"; };
		1B1095751C59C00900465235 /* SendToAddressController.h */ = {isa = PBXFileReference; fileEncoding = 4; lastKnownFileType = sourcecode.c.h; path = SendToAddressController.h; sourceTree = "<group>"; };
		1B1095761C59C00900465235 /* SendToAddressController.m */ = {isa = PBXFileReference; fileEncoding = 4; lastKnownFileType = sourcecode.c.objc; path = SendToAddressController.m; sourceTree = "<group>"; };
		1B1095781C59FF3D00465235 /* EmployeeSendToAddressDB.h */ = {isa = PBXFileReference; fileEncoding = 4; lastKnownFileType = sourcecode.c.h; path = EmployeeSendToAddressDB.h; sourceTree = "<group>"; };
		1B1095791C59FF3D00465235 /* EmployeeSendToAddressDB.m */ = {isa = PBXFileReference; fileEncoding = 4; lastKnownFileType = sourcecode.c.objc; path = EmployeeSendToAddressDB.m; sourceTree = "<group>"; };
		1B10957B1C5A001700465235 /* EmployeeSendToAddress.h */ = {isa = PBXFileReference; fileEncoding = 4; lastKnownFileType = sourcecode.c.h; path = EmployeeSendToAddress.h; sourceTree = "<group>"; };
		1B10957C1C5A001700465235 /* EmployeeSendToAddress.m */ = {isa = PBXFileReference; fileEncoding = 4; lastKnownFileType = sourcecode.c.objc; path = EmployeeSendToAddress.m; sourceTree = "<group>"; };
		1B10957E1C5C5D3C00465235 /* NewTagDetailViewController.h */ = {isa = PBXFileReference; fileEncoding = 4; lastKnownFileType = sourcecode.c.h; path = NewTagDetailViewController.h; sourceTree = "<group>"; };
		1B10957F1C5C5D3C00465235 /* NewTagDetailViewController.m */ = {isa = PBXFileReference; fileEncoding = 4; lastKnownFileType = sourcecode.c.objc; path = NewTagDetailViewController.m; sourceTree = "<group>"; };
		1B1095821C5CEA2700465235 /* EditScriptCell.h */ = {isa = PBXFileReference; fileEncoding = 4; lastKnownFileType = sourcecode.c.h; path = EditScriptCell.h; sourceTree = "<group>"; };
		1B1095831C5CEA2700465235 /* EditScriptCell.m */ = {isa = PBXFileReference; fileEncoding = 4; lastKnownFileType = sourcecode.c.objc; path = EditScriptCell.m; sourceTree = "<group>"; };
		1B1095851C5E17D900465235 /* AuditNewsItem.h */ = {isa = PBXFileReference; fileEncoding = 4; lastKnownFileType = sourcecode.c.h; path = AuditNewsItem.h; sourceTree = "<group>"; };
		1B1095861C5E17D900465235 /* AuditNewsItem.m */ = {isa = PBXFileReference; fileEncoding = 4; lastKnownFileType = sourcecode.c.objc; path = AuditNewsItem.m; sourceTree = "<group>"; };
		1B1095881C5E1C9400465235 /* DetailAuditNewsViewController.h */ = {isa = PBXFileReference; fileEncoding = 4; lastKnownFileType = sourcecode.c.h; path = DetailAuditNewsViewController.h; sourceTree = "<group>"; };
		1B1095891C5E1C9400465235 /* DetailAuditNewsViewController.m */ = {isa = PBXFileReference; fileEncoding = 4; lastKnownFileType = sourcecode.c.objc; path = DetailAuditNewsViewController.m; sourceTree = "<group>"; };
		1B10958B1C5F08E700465235 /* MAlertView.h */ = {isa = PBXFileReference; fileEncoding = 4; lastKnownFileType = sourcecode.c.h; path = MAlertView.h; sourceTree = "<group>"; };
		1B10958C1C5F08E700465235 /* MAlertView.m */ = {isa = PBXFileReference; fileEncoding = 4; lastKnownFileType = sourcecode.c.objc; path = MAlertView.m; sourceTree = "<group>"; };
		1B10958E1C5F4B7700465235 /* DocTypeSuperController.h */ = {isa = PBXFileReference; fileEncoding = 4; lastKnownFileType = sourcecode.c.h; path = DocTypeSuperController.h; sourceTree = "<group>"; };
		1B10958F1C5F4B7700465235 /* DocTypeSuperController.m */ = {isa = PBXFileReference; fileEncoding = 4; lastKnownFileType = sourcecode.c.objc; path = DocTypeSuperController.m; sourceTree = "<group>"; };
		1B1095911C5F5BEA00465235 /* DocTypeSecLVController.h */ = {isa = PBXFileReference; fileEncoding = 4; lastKnownFileType = sourcecode.c.h; path = DocTypeSecLVController.h; sourceTree = "<group>"; };
		1B1095921C5F5BEA00465235 /* DocTypeSecLVController.m */ = {isa = PBXFileReference; fileEncoding = 4; lastKnownFileType = sourcecode.c.objc; path = DocTypeSecLVController.m; sourceTree = "<group>"; };
		1B1095941C5F60A000465235 /* DocTypeTriLVController.h */ = {isa = PBXFileReference; fileEncoding = 4; lastKnownFileType = sourcecode.c.h; path = DocTypeTriLVController.h; sourceTree = "<group>"; };
		1B1095951C5F60A000465235 /* DocTypeTriLVController.m */ = {isa = PBXFileReference; fileEncoding = 4; lastKnownFileType = sourcecode.c.objc; path = DocTypeTriLVController.m; sourceTree = "<group>"; };
		1B1095971C5F68A700465235 /* DocTypeUltraLVController.h */ = {isa = PBXFileReference; fileEncoding = 4; lastKnownFileType = sourcecode.c.h; path = DocTypeUltraLVController.h; sourceTree = "<group>"; };
		1B1095981C5F68A700465235 /* DocTypeUltraLVController.m */ = {isa = PBXFileReference; fileEncoding = 4; lastKnownFileType = sourcecode.c.objc; path = DocTypeUltraLVController.m; sourceTree = "<group>"; };
		1B10959B1C5F90F100465235 /* VideoGrid.h */ = {isa = PBXFileReference; fileEncoding = 4; lastKnownFileType = sourcecode.c.h; path = VideoGrid.h; sourceTree = "<group>"; };
		1B10959C1C5F90F100465235 /* VideoGrid.m */ = {isa = PBXFileReference; fileEncoding = 4; lastKnownFileType = sourcecode.c.objc; path = VideoGrid.m; sourceTree = "<group>"; };
		1B10959E1C60981200465235 /* AttachDetailController.h */ = {isa = PBXFileReference; fileEncoding = 4; lastKnownFileType = sourcecode.c.h; path = AttachDetailController.h; sourceTree = "<group>"; };
		1B10959F1C60981200465235 /* AttachDetailController.m */ = {isa = PBXFileReference; fileEncoding = 4; lastKnownFileType = sourcecode.c.objc; path = AttachDetailController.m; sourceTree = "<group>"; };
		1B1095A11C6099FF00465235 /* UIView+FirstResponder.h */ = {isa = PBXFileReference; fileEncoding = 4; lastKnownFileType = sourcecode.c.h; path = "UIView+FirstResponder.h"; sourceTree = "<group>"; };
		1B1095A21C6099FF00465235 /* UIView+FirstResponder.m */ = {isa = PBXFileReference; fileEncoding = 4; lastKnownFileType = sourcecode.c.objc; path = "UIView+FirstResponder.m"; sourceTree = "<group>"; };
		1B1095A41C61A3D100465235 /* RecordVoiceController.h */ = {isa = PBXFileReference; fileEncoding = 4; lastKnownFileType = sourcecode.c.h; path = RecordVoiceController.h; sourceTree = "<group>"; };
		1B1095A51C61A3D100465235 /* RecordVoiceController.m */ = {isa = PBXFileReference; fileEncoding = 4; lastKnownFileType = sourcecode.c.objc; path = RecordVoiceController.m; sourceTree = "<group>"; };
		1B1095AE1C6349B000465235 /* iflyMSC.framework */ = {isa = PBXFileReference; lastKnownFileType = wrapper.framework; path = iflyMSC.framework; sourceTree = "<group>"; };
		1B33EA071C525DDD00223AFF /* AccessoriesDB.h */ = {isa = PBXFileReference; fileEncoding = 4; lastKnownFileType = sourcecode.c.h; path = AccessoriesDB.h; sourceTree = "<group>"; };
		1B33EA081C525DDD00223AFF /* AccessoriesDB.m */ = {isa = PBXFileReference; fileEncoding = 4; lastKnownFileType = sourcecode.c.objc; path = AccessoriesDB.m; sourceTree = "<group>"; };
		1B33EA0A1C5260DD00223AFF /* UploadMaker.h */ = {isa = PBXFileReference; fileEncoding = 4; lastKnownFileType = sourcecode.c.h; path = UploadMaker.h; sourceTree = "<group>"; };
		1B33EA0B1C5260DD00223AFF /* UploadMaker.m */ = {isa = PBXFileReference; fileEncoding = 4; lastKnownFileType = sourcecode.c.objc; path = UploadMaker.m; sourceTree = "<group>"; };
		1B33EA131C5329F500223AFF /* SendToAddressDB.h */ = {isa = PBXFileReference; fileEncoding = 4; lastKnownFileType = sourcecode.c.h; path = SendToAddressDB.h; sourceTree = "<group>"; };
		1B33EA141C5329F500223AFF /* SendToAddressDB.m */ = {isa = PBXFileReference; fileEncoding = 4; lastKnownFileType = sourcecode.c.objc; path = SendToAddressDB.m; sourceTree = "<group>"; };
		1B622EA71C6F05D600368A1A /* UploadTaskCell.h */ = {isa = PBXFileReference; fileEncoding = 4; lastKnownFileType = sourcecode.c.h; path = UploadTaskCell.h; sourceTree = "<group>"; };
		1B622EA81C6F05D600368A1A /* UploadTaskCell.m */ = {isa = PBXFileReference; fileEncoding = 4; lastKnownFileType = sourcecode.c.objc; path = UploadTaskCell.m; sourceTree = "<group>"; };
		1B622EAA1C6F09E200368A1A /* TaskManagementViewController.h */ = {isa = PBXFileReference; fileEncoding = 4; lastKnownFileType = sourcecode.c.h; path = TaskManagementViewController.h; sourceTree = "<group>"; };
		1B622EAB1C6F09E200368A1A /* TaskManagementViewController.m */ = {isa = PBXFileReference; fileEncoding = 4; lastKnownFileType = sourcecode.c.objc; path = TaskManagementViewController.m; sourceTree = "<group>"; };
		1B622EAD1C6F18AF00368A1A /* EditingScriptController.h */ = {isa = PBXFileReference; fileEncoding = 4; lastKnownFileType = sourcecode.c.h; path = EditingScriptController.h; sourceTree = "<group>"; };
		1B622EAE1C6F18AF00368A1A /* EditingScriptController.m */ = {isa = PBXFileReference; fileEncoding = 4; lastKnownFileType = sourcecode.c.objc; path = EditingScriptController.m; sourceTree = "<group>"; };
		1B622EB01C6F194400368A1A /* SendedScriptController.h */ = {isa = PBXFileReference; fileEncoding = 4; lastKnownFileType = sourcecode.c.h; path = SendedScriptController.h; sourceTree = "<group>"; };
		1B622EB11C6F194400368A1A /* SendedScriptController.m */ = {isa = PBXFileReference; fileEncoding = 4; lastKnownFileType = sourcecode.c.objc; path = SendedScriptController.m; sourceTree = "<group>"; };
		1B622EB41C701AAB00368A1A /* AbandonedScriptController.h */ = {isa = PBXFileReference; fileEncoding = 4; lastKnownFileType = sourcecode.c.h; path = AbandonedScriptController.h; sourceTree = "<group>"; };
		1B622EB51C701AAB00368A1A /* AbandonedScriptController.m */ = {isa = PBXFileReference; fileEncoding = 4; lastKnownFileType = sourcecode.c.objc; path = AbandonedScriptController.m; sourceTree = "<group>"; };
		1B622EB71C70261A00368A1A /* AbandonedScriptCell.h */ = {isa = PBXFileReference; fileEncoding = 4; lastKnownFileType = sourcecode.c.h; path = AbandonedScriptCell.h; sourceTree = "<group>"; };
		1B622EB81C70261A00368A1A /* AbandonedScriptCell.m */ = {isa = PBXFileReference; fileEncoding = 4; lastKnownFileType = sourcecode.c.objc; path = AbandonedScriptCell.m; sourceTree = "<group>"; };
		1B622EBA1C70488700368A1A /* ModalAlert.h */ = {isa = PBXFileReference; fileEncoding = 4; lastKnownFileType = sourcecode.c.h; path = ModalAlert.h; sourceTree = "<group>"; };
		1B622EBB1C70488700368A1A /* ModalAlert.m */ = {isa = PBXFileReference; fileEncoding = 4; lastKnownFileType = sourcecode.c.objc; path = ModalAlert.m; sourceTree = "<group>"; };
		1B622EBD1C70593A00368A1A /* AudioPlayerController.h */ = {isa = PBXFileReference; fileEncoding = 4; lastKnownFileType = sourcecode.c.h; path = AudioPlayerController.h; sourceTree = "<group>"; };
		1B622EBE1C70593A00368A1A /* AudioPlayerController.m */ = {isa = PBXFileReference; fileEncoding = 4; lastKnownFileType = sourcecode.c.objc; path = AudioPlayerController.m; sourceTree = "<group>"; };
		1B93B2121C68456200DE77F7 /* IATConfig.h */ = {isa = PBXFileReference; fileEncoding = 4; lastKnownFileType = sourcecode.c.h; path = IATConfig.h; sourceTree = "<group>"; };
		1B93B2131C68456200DE77F7 /* IATConfig.m */ = {isa = PBXFileReference; fileEncoding = 4; lastKnownFileType = sourcecode.c.objc; path = IATConfig.m; sourceTree = "<group>"; };
		1BD6BB601C639F4F00BA54F3 /* CoreLocation.framework */ = {isa = PBXFileReference; lastKnownFileType = wrapper.framework; name = CoreLocation.framework; path = System/Library/Frameworks/CoreLocation.framework; sourceTree = SDKROOT; };
		1BD6BB621C639F5800BA54F3 /* CoreTelephony.framework */ = {isa = PBXFileReference; lastKnownFileType = wrapper.framework; name = CoreTelephony.framework; path = System/Library/Frameworks/CoreTelephony.framework; sourceTree = SDKROOT; };
		1BD6BB641C639F6500BA54F3 /* AVFoundation.framework */ = {isa = PBXFileReference; lastKnownFileType = wrapper.framework; name = AVFoundation.framework; path = System/Library/Frameworks/AVFoundation.framework; sourceTree = SDKROOT; };
		1BD6BB661C639F7600BA54F3 /* AddressBook.framework */ = {isa = PBXFileReference; lastKnownFileType = wrapper.framework; name = AddressBook.framework; path = System/Library/Frameworks/AddressBook.framework; sourceTree = SDKROOT; };
		1BD6BB681C639F8600BA54F3 /* AudioToolbox.framework */ = {isa = PBXFileReference; lastKnownFileType = wrapper.framework; name = AudioToolbox.framework; path = System/Library/Frameworks/AudioToolbox.framework; sourceTree = SDKROOT; };
		1BD6BB6A1C639F9B00BA54F3 /* SystemConfiguration.framework */ = {isa = PBXFileReference; lastKnownFileType = wrapper.framework; name = SystemConfiguration.framework; path = System/Library/Frameworks/SystemConfiguration.framework; sourceTree = SDKROOT; };
		1BD6BB6C1C639FAE00BA54F3 /* QuartzCore.framework */ = {isa = PBXFileReference; lastKnownFileType = wrapper.framework; name = QuartzCore.framework; path = System/Library/Frameworks/QuartzCore.framework; sourceTree = SDKROOT; };
		1BD6BB6E1C639FC100BA54F3 /* CoreGraphics.framework */ = {isa = PBXFileReference; lastKnownFileType = wrapper.framework; name = CoreGraphics.framework; path = System/Library/Frameworks/CoreGraphics.framework; sourceTree = SDKROOT; };
		2713AF991C4C7492006AA96D /* NSString+Security.h */ = {isa = PBXFileReference; fileEncoding = 4; lastKnownFileType = sourcecode.c.h; path = "NSString+Security.h"; sourceTree = "<group>"; };
		2713AF9A1C4C7492006AA96D /* NSString+Security.m */ = {isa = PBXFileReference; fileEncoding = 4; lastKnownFileType = sourcecode.c.objc; path = "NSString+Security.m"; sourceTree = "<group>"; };
		2713AF9C1C4C8217006AA96D /* NetworkManager.h */ = {isa = PBXFileReference; fileEncoding = 4; lastKnownFileType = sourcecode.c.h; path = NetworkManager.h; sourceTree = "<group>"; };
		2713AF9D1C4C8217006AA96D /* NetworkManager.m */ = {isa = PBXFileReference; fileEncoding = 4; lastKnownFileType = sourcecode.c.objc; path = NetworkManager.m; sourceTree = "<group>"; };
		2713AF9F1C4C89F3006AA96D /* UploadQueue.h */ = {isa = PBXFileReference; fileEncoding = 4; lastKnownFileType = sourcecode.c.h; path = UploadQueue.h; sourceTree = "<group>"; };
		2713AFA01C4C89F3006AA96D /* UploadQueue.m */ = {isa = PBXFileReference; fileEncoding = 4; lastKnownFileType = sourcecode.c.objc; path = UploadQueue.m; sourceTree = "<group>"; };
		2713AFAB1C4CEB11006AA96D /* NSData+LTExtension.h */ = {isa = PBXFileReference; fileEncoding = 4; lastKnownFileType = sourcecode.c.h; path = "NSData+LTExtension.h"; sourceTree = "<group>"; };
		2713AFAC1C4CEB11006AA96D /* NSData+LTExtension.m */ = {isa = PBXFileReference; fileEncoding = 4; lastKnownFileType = sourcecode.c.objc; path = "NSData+LTExtension.m"; sourceTree = "<group>"; };
		2713AFB11C50C0EF006AA96D /* CommonClient.h */ = {isa = PBXFileReference; fileEncoding = 4; lastKnownFileType = sourcecode.c.h; path = CommonClient.h; sourceTree = "<group>"; };
		2713AFB21C50C0EF006AA96D /* CommonClient.m */ = {isa = PBXFileReference; fileEncoding = 4; lastKnownFileType = sourcecode.c.objc; path = CommonClient.m; sourceTree = "<group>"; };
		2713AFB41C51C88A006AA96D /* BasicInfoUtility.h */ = {isa = PBXFileReference; fileEncoding = 4; lastKnownFileType = sourcecode.c.h; path = BasicInfoUtility.h; sourceTree = "<group>"; };
		2713AFB51C51C88A006AA96D /* BasicInfoUtility.m */ = {isa = PBXFileReference; fileEncoding = 4; lastKnownFileType = sourcecode.c.objc; path = BasicInfoUtility.m; sourceTree = "<group>"; };
		2713AFB71C51F8CC006AA96D /* ManuscriptTemplateDB.h */ = {isa = PBXFileReference; fileEncoding = 4; lastKnownFileType = sourcecode.c.h; path = ManuscriptTemplateDB.h; sourceTree = "<group>"; };
		2713AFB81C51F8CC006AA96D /* ManuscriptTemplateDB.m */ = {isa = PBXFileReference; fileEncoding = 4; lastKnownFileType = sourcecode.c.objc; path = ManuscriptTemplateDB.m; sourceTree = "<group>"; };
		2713AFBC1C5214F8006AA96D /* OpenUDID.h */ = {isa = PBXFileReference; fileEncoding = 4; lastKnownFileType = sourcecode.c.h; path = OpenUDID.h; sourceTree = "<group>"; };
		2713AFBD1C5214F8006AA96D /* OpenUDID.m */ = {isa = PBXFileReference; fileEncoding = 4; lastKnownFileType = sourcecode.c.objc; path = OpenUDID.m; sourceTree = "<group>"; };
		2713AFC11C523069006AA96D /* MediaTypeXmlAnalytic.h */ = {isa = PBXFileReference; fileEncoding = 4; lastKnownFileType = sourcecode.c.h; path = MediaTypeXmlAnalytic.h; sourceTree = "<group>"; };
		2713AFC21C523069006AA96D /* MediaTypeXmlAnalytic.m */ = {isa = PBXFileReference; fileEncoding = 4; lastKnownFileType = sourcecode.c.objc; path = MediaTypeXmlAnalytic.m; sourceTree = "<group>"; };
		2713AFC41C55B2BA006AA96D /* BasicXmlList.plist */ = {isa = PBXFileReference; fileEncoding = 4; lastKnownFileType = text.plist.xml; path = BasicXmlList.plist; sourceTree = "<group>"; };
		2713AFC51C55B2BA006AA96D /* mc.db */ = {isa = PBXFileReference; lastKnownFileType = file; path = mc.db; sourceTree = "<group>"; };
		2713AFC81C55C16C006AA96D /* LanguageDB.h */ = {isa = PBXFileReference; fileEncoding = 4; lastKnownFileType = sourcecode.c.h; path = LanguageDB.h; sourceTree = "<group>"; };
		2713AFC91C55C16C006AA96D /* LanguageDB.m */ = {isa = PBXFileReference; fileEncoding = 4; lastKnownFileType = sourcecode.c.objc; path = LanguageDB.m; sourceTree = "<group>"; };
		2713AFCB1C55C313006AA96D /* NewTypeDB.h */ = {isa = PBXFileReference; fileEncoding = 4; lastKnownFileType = sourcecode.c.h; path = NewTypeDB.h; sourceTree = "<group>"; };
		2713AFCC1C55C313006AA96D /* NewTypeDB.m */ = {isa = PBXFileReference; fileEncoding = 4; lastKnownFileType = sourcecode.c.objc; path = NewTypeDB.m; sourceTree = "<group>"; };
		2713AFCE1C55C401006AA96D /* RegionDB.h */ = {isa = PBXFileReference; fileEncoding = 4; lastKnownFileType = sourcecode.c.h; path = RegionDB.h; sourceTree = "<group>"; };
		2713AFCF1C55C401006AA96D /* RegionDB.m */ = {isa = PBXFileReference; fileEncoding = 4; lastKnownFileType = sourcecode.c.objc; path = RegionDB.m; sourceTree = "<group>"; };
		2713AFD11C55C61B006AA96D /* PlaceDB.h */ = {isa = PBXFileReference; fileEncoding = 4; lastKnownFileType = sourcecode.c.h; path = PlaceDB.h; sourceTree = "<group>"; };
		2713AFD21C55C61B006AA96D /* PlaceDB.m */ = {isa = PBXFileReference; fileEncoding = 4; lastKnownFileType = sourcecode.c.objc; path = PlaceDB.m; sourceTree = "<group>"; };
		2713AFD41C55C814006AA96D /* NewsCategoryDB.h */ = {isa = PBXFileReference; fileEncoding = 4; lastKnownFileType = sourcecode.c.h; path = NewsCategoryDB.h; sourceTree = "<group>"; };
		2713AFD51C55C814006AA96D /* NewsCategoryDB.m */ = {isa = PBXFileReference; fileEncoding = 4; lastKnownFileType = sourcecode.c.objc; path = NewsCategoryDB.m; sourceTree = "<group>"; };
		2713AFD71C55C907006AA96D /* ComeFromAddressDB.h */ = {isa = PBXFileReference; fileEncoding = 4; lastKnownFileType = sourcecode.c.h; path = ComeFromAddressDB.h; sourceTree = "<group>"; };
		2713AFD81C55C907006AA96D /* ComeFromAddressDB.m */ = {isa = PBXFileReference; fileEncoding = 4; lastKnownFileType = sourcecode.c.objc; path = ComeFromAddressDB.m; sourceTree = "<group>"; };
		2713AFDA1C55CA00006AA96D /* ProvideTypeDB.h */ = {isa = PBXFileReference; fileEncoding = 4; lastKnownFileType = sourcecode.c.h; path = ProvideTypeDB.h; sourceTree = "<group>"; };
		2713AFDB1C55CA00006AA96D /* ProvideTypeDB.m */ = {isa = PBXFileReference; fileEncoding = 4; lastKnownFileType = sourcecode.c.objc; path = ProvideTypeDB.m; sourceTree = "<group>"; };
		2713AFDD1C55CABA006AA96D /* NewsPriorityDB.h */ = {isa = PBXFileReference; fileEncoding = 4; lastKnownFileType = sourcecode.c.h; path = NewsPriorityDB.h; sourceTree = "<group>"; };
		2713AFDE1C55CABA006AA96D /* NewsPriorityDB.m */ = {isa = PBXFileReference; fileEncoding = 4; lastKnownFileType = sourcecode.c.objc; path = NewsPriorityDB.m; sourceTree = "<group>"; };
		2713AFE81C56153A006AA96D /* ScriptCell.h */ = {isa = PBXFileReference; fileEncoding = 4; lastKnownFileType = sourcecode.c.h; path = ScriptCell.h; sourceTree = "<group>"; };
		2713AFE91C56153A006AA96D /* ScriptCell.m */ = {isa = PBXFileReference; fileEncoding = 4; lastKnownFileType = sourcecode.c.objc; path = ScriptCell.m; sourceTree = "<group>"; };
		2713AFF41C585C63006AA96D /* Accessories.h */ = {isa = PBXFileReference; fileEncoding = 4; lastKnownFileType = sourcecode.c.h; path = Accessories.h; sourceTree = "<group>"; };
		2713AFF51C585C63006AA96D /* Accessories.m */ = {isa = PBXFileReference; fileEncoding = 4; lastKnownFileType = sourcecode.c.objc; path = Accessories.m; sourceTree = "<group>"; };
		2713AFF61C585C63006AA96D /* ComeFromAddress.h */ = {isa = PBXFileReference; fileEncoding = 4; lastKnownFileType = sourcecode.c.h; path = ComeFromAddress.h; sourceTree = "<group>"; };
		2713AFF71C585C63006AA96D /* ComeFromAddress.m */ = {isa = PBXFileReference; fileEncoding = 4; lastKnownFileType = sourcecode.c.objc; path = ComeFromAddress.m; sourceTree = "<group>"; };
		2713AFF81C585C63006AA96D /* CommonModel.h */ = {isa = PBXFileReference; fileEncoding = 4; lastKnownFileType = sourcecode.c.h; path = CommonModel.h; sourceTree = "<group>"; };
		2713AFF91C585C63006AA96D /* CommonModel.m */ = {isa = PBXFileReference; fileEncoding = 4; lastKnownFileType = sourcecode.c.objc; path = CommonModel.m; sourceTree = "<group>"; };
		2713AFFA1C585C63006AA96D /* Language.h */ = {isa = PBXFileReference; fileEncoding = 4; lastKnownFileType = sourcecode.c.h; path = Language.h; sourceTree = "<group>"; };
		2713AFFB1C585C63006AA96D /* Language.m */ = {isa = PBXFileReference; fileEncoding = 4; lastKnownFileType = sourcecode.c.objc; path = Language.m; sourceTree = "<group>"; };
		2713AFFC1C585C63006AA96D /* Manuscripts.h */ = {isa = PBXFileReference; fileEncoding = 4; lastKnownFileType = sourcecode.c.h; path = Manuscripts.h; sourceTree = "<group>"; };
		2713AFFD1C585C63006AA96D /* Manuscripts.m */ = {isa = PBXFileReference; fileEncoding = 4; lastKnownFileType = sourcecode.c.objc; path = Manuscripts.m; sourceTree = "<group>"; };
		2713AFFE1C585C63006AA96D /* ManuscriptTemplate.h */ = {isa = PBXFileReference; fileEncoding = 4; lastKnownFileType = sourcecode.c.h; path = ManuscriptTemplate.h; sourceTree = "<group>"; };
		2713AFFF1C585C63006AA96D /* ManuscriptTemplate.m */ = {isa = PBXFileReference; fileEncoding = 4; lastKnownFileType = sourcecode.c.objc; path = ManuscriptTemplate.m; sourceTree = "<group>"; };
		2713B0001C585C63006AA96D /* NewsCategory.h */ = {isa = PBXFileReference; fileEncoding = 4; lastKnownFileType = sourcecode.c.h; path = NewsCategory.h; sourceTree = "<group>"; };
		2713B0011C585C63006AA96D /* NewsCategory.m */ = {isa = PBXFileReference; fileEncoding = 4; lastKnownFileType = sourcecode.c.objc; path = NewsCategory.m; sourceTree = "<group>"; };
		2713B0021C585C63006AA96D /* NewsPriority.h */ = {isa = PBXFileReference; fileEncoding = 4; lastKnownFileType = sourcecode.c.h; path = NewsPriority.h; sourceTree = "<group>"; };
		2713B0031C585C63006AA96D /* NewsPriority.m */ = {isa = PBXFileReference; fileEncoding = 4; lastKnownFileType = sourcecode.c.objc; path = NewsPriority.m; sourceTree = "<group>"; };
		2713B0041C585C63006AA96D /* NewsType.h */ = {isa = PBXFileReference; fileEncoding = 4; lastKnownFileType = sourcecode.c.h; path = NewsType.h; sourceTree = "<group>"; };
		2713B0051C585C63006AA96D /* NewsType.m */ = {isa = PBXFileReference; fileEncoding = 4; lastKnownFileType = sourcecode.c.objc; path = NewsType.m; sourceTree = "<group>"; };
		2713B0061C585C63006AA96D /* Place.h */ = {isa = PBXFileReference; fileEncoding = 4; lastKnownFileType = sourcecode.c.h; path = Place.h; sourceTree = "<group>"; };
		2713B0071C585C63006AA96D /* Place.m */ = {isa = PBXFileReference; fileEncoding = 4; lastKnownFileType = sourcecode.c.objc; path = Place.m; sourceTree = "<group>"; };
		2713B0081C585C63006AA96D /* ProvideType.h */ = {isa = PBXFileReference; fileEncoding = 4; lastKnownFileType = sourcecode.c.h; path = ProvideType.h; sourceTree = "<group>"; };
		2713B0091C585C63006AA96D /* ProvideType.m */ = {isa = PBXFileReference; fileEncoding = 4; lastKnownFileType = sourcecode.c.objc; path = ProvideType.m; sourceTree = "<group>"; };
		2713B00A1C585C63006AA96D /* Region.h */ = {isa = PBXFileReference; fileEncoding = 4; lastKnownFileType = sourcecode.c.h; path = Region.h; sourceTree = "<group>"; };
		2713B00B1C585C63006AA96D /* Region.m */ = {isa = PBXFileReference; fileEncoding = 4; lastKnownFileType = sourcecode.c.objc; path = Region.m; sourceTree = "<group>"; };
		2713B00C1C585C63006AA96D /* SendToAddress.h */ = {isa = PBXFileReference; fileEncoding = 4; lastKnownFileType = sourcecode.c.h; path = SendToAddress.h; sourceTree = "<group>"; };
		2713B00D1C585C63006AA96D /* SendToAddress.m */ = {isa = PBXFileReference; fileEncoding = 4; lastKnownFileType = sourcecode.c.objc; path = SendToAddress.m; sourceTree = "<group>"; };
		2713B00E1C585C63006AA96D /* ServerAddress.h */ = {isa = PBXFileReference; fileEncoding = 4; lastKnownFileType = sourcecode.c.h; path = ServerAddress.h; sourceTree = "<group>"; };
		2713B00F1C585C63006AA96D /* ServerAddress.m */ = {isa = PBXFileReference; fileEncoding = 4; lastKnownFileType = sourcecode.c.objc; path = ServerAddress.m; sourceTree = "<group>"; };
		2713B0101C585C63006AA96D /* User.h */ = {isa = PBXFileReference; fileEncoding = 4; lastKnownFileType = sourcecode.c.h; path = User.h; sourceTree = "<group>"; };
		2713B0111C585C63006AA96D /* User.m */ = {isa = PBXFileReference; fileEncoding = 4; lastKnownFileType = sourcecode.c.objc; path = User.m; sourceTree = "<group>"; };
		2718C0961C30D12300457E66 /* CNewsPro.app */ = {isa = PBXFileReference; explicitFileType = wrapper.application; includeInIndex = 0; path = CNewsPro.app; sourceTree = BUILT_PRODUCTS_DIR; };
		2718C09A1C30D12300457E66 /* main.m */ = {isa = PBXFileReference; lastKnownFileType = sourcecode.c.objc; path = main.m; sourceTree = "<group>"; };
		2718C0A51C30D12300457E66 /* Assets.xcassets */ = {isa = PBXFileReference; lastKnownFileType = folder.assetcatalog; path = Assets.xcassets; sourceTree = "<group>"; };
		2718C0A81C30D12300457E66 /* Base */ = {isa = PBXFileReference; lastKnownFileType = file.storyboard; name = Base; path = Base.lproj/LaunchScreen.storyboard; sourceTree = "<group>"; };
		2718C0AA1C30D12300457E66 /* Info.plist */ = {isa = PBXFileReference; lastKnownFileType = text.plist.xml; path = Info.plist; sourceTree = "<group>"; };
		2718C0AF1C30D12300457E66 /* CNewsProTests.xctest */ = {isa = PBXFileReference; explicitFileType = wrapper.cfbundle; includeInIndex = 0; path = CNewsProTests.xctest; sourceTree = BUILT_PRODUCTS_DIR; };
		2718C0B31C30D12300457E66 /* CNewsProTests.m */ = {isa = PBXFileReference; lastKnownFileType = sourcecode.c.objc; path = CNewsProTests.m; sourceTree = "<group>"; };
		2718C0B51C30D12300457E66 /* Info.plist */ = {isa = PBXFileReference; lastKnownFileType = text.plist.xml; path = Info.plist; sourceTree = "<group>"; };
		2718C0BA1C30D12300457E66 /* CNewsProUITests.xctest */ = {isa = PBXFileReference; explicitFileType = wrapper.cfbundle; includeInIndex = 0; path = CNewsProUITests.xctest; sourceTree = BUILT_PRODUCTS_DIR; };
		2718C0BE1C30D12300457E66 /* CNewsProUITests.m */ = {isa = PBXFileReference; lastKnownFileType = sourcecode.c.objc; path = CNewsProUITests.m; sourceTree = "<group>"; };
		2718C0C01C30D12300457E66 /* Info.plist */ = {isa = PBXFileReference; lastKnownFileType = text.plist.xml; path = Info.plist; sourceTree = "<group>"; };
		278D927C1C488CF80017415B /* BasicDatabase.h */ = {isa = PBXFileReference; fileEncoding = 4; lastKnownFileType = sourcecode.c.h; path = BasicDatabase.h; sourceTree = "<group>"; };
		278D927D1C488CF80017415B /* BasicDatabase.m */ = {isa = PBXFileReference; fileEncoding = 4; lastKnownFileType = sourcecode.c.objc; path = BasicDatabase.m; sourceTree = "<group>"; };
		278D927F1C489D3F0017415B /* UserDB.h */ = {isa = PBXFileReference; fileEncoding = 4; lastKnownFileType = sourcecode.c.h; path = UserDB.h; sourceTree = "<group>"; };
		278D92801C489D3F0017415B /* UserDB.m */ = {isa = PBXFileReference; fileEncoding = 4; lastKnownFileType = sourcecode.c.objc; path = UserDB.m; sourceTree = "<group>"; };
		278D92821C48C91D0017415B /* LoginManagermentController.h */ = {isa = PBXFileReference; fileEncoding = 4; lastKnownFileType = sourcecode.c.h; path = LoginManagermentController.h; sourceTree = "<group>"; };
		278D92831C48C91D0017415B /* LoginManagermentController.m */ = {isa = PBXFileReference; fileEncoding = 4; lastKnownFileType = sourcecode.c.objc; path = LoginManagermentController.m; sourceTree = "<group>"; };
		278D92891C48D4C80017415B /* ServerAddressDB.h */ = {isa = PBXFileReference; fileEncoding = 4; lastKnownFileType = sourcecode.c.h; path = ServerAddressDB.h; sourceTree = "<group>"; };
		278D928A1C48D4C80017415B /* ServerAddressDB.m */ = {isa = PBXFileReference; fileEncoding = 4; lastKnownFileType = sourcecode.c.objc; path = ServerAddressDB.m; sourceTree = "<group>"; };
		278D928E1C48DFBE0017415B /* UIDevice+IdentifierAddition.h */ = {isa = PBXFileReference; fileEncoding = 4; lastKnownFileType = sourcecode.c.h; path = "UIDevice+IdentifierAddition.h"; sourceTree = "<group>"; };
		278D928F1C48DFBE0017415B /* UIDevice+IdentifierAddition.m */ = {isa = PBXFileReference; fileEncoding = 4; lastKnownFileType = sourcecode.c.objc; path = "UIDevice+IdentifierAddition.m"; sourceTree = "<group>"; };
		27A83D4A1C46371F0055502E /* AppDelegate.h */ = {isa = PBXFileReference; fileEncoding = 4; lastKnownFileType = sourcecode.c.h; path = AppDelegate.h; sourceTree = "<group>"; };
		27A83D4B1C46371F0055502E /* AppDelegate.m */ = {isa = PBXFileReference; fileEncoding = 4; lastKnownFileType = sourcecode.c.objc; path = AppDelegate.m; sourceTree = "<group>"; };
		27A83D4F1C463BC40055502E /* XinHuaManuscriptController.h */ = {isa = PBXFileReference; fileEncoding = 4; lastKnownFileType = sourcecode.c.h; path = XinHuaManuscriptController.h; sourceTree = "<group>"; };
		27A83D501C463BC40055502E /* XinHuaManuscriptController.m */ = {isa = PBXFileReference; fileEncoding = 4; lastKnownFileType = sourcecode.c.objc; path = XinHuaManuscriptController.m; sourceTree = "<group>"; };
		27A83D511C463BC40055502E /* XinHuaManuscriptController.xib */ = {isa = PBXFileReference; fileEncoding = 4; lastKnownFileType = file.xib; path = XinHuaManuscriptController.xib; sourceTree = "<group>"; };
		27A83D551C463DA10055502E /* Utility.h */ = {isa = PBXFileReference; fileEncoding = 4; lastKnownFileType = sourcecode.c.h; path = Utility.h; sourceTree = "<group>"; };
		27A83D561C463DA10055502E /* Utility.m */ = {isa = PBXFileReference; fileEncoding = 4; lastKnownFileType = sourcecode.c.objc; path = Utility.m; sourceTree = "<group>"; };
		27A83D5A1C4648EC0055502E /* AppMacro.h */ = {isa = PBXFileReference; fileEncoding = 4; lastKnownFileType = sourcecode.c.h; path = AppMacro.h; sourceTree = "<group>"; };
		27A83D5B1C4649060055502E /* PublicMacro.h */ = {isa = PBXFileReference; fileEncoding = 4; lastKnownFileType = sourcecode.c.h; path = PublicMacro.h; sourceTree = "<group>"; };
		27A83D5C1C46492A0055502E /* PrefixHeader.pch */ = {isa = PBXFileReference; fileEncoding = 4; lastKnownFileType = sourcecode.c.h; path = PrefixHeader.pch; sourceTree = "<group>"; };
		27A83D641C4659BF0055502E /* RequestMaker.h */ = {isa = PBXFileReference; fileEncoding = 4; lastKnownFileType = sourcecode.c.h; path = RequestMaker.h; sourceTree = "<group>"; };
		27A83D651C4659BF0055502E /* RequestMaker.m */ = {isa = PBXFileReference; fileEncoding = 4; lastKnownFileType = sourcecode.c.objc; path = RequestMaker.m; sourceTree = "<group>"; };
		27A83E2E1C473C060055502E /* UploadManager.h */ = {isa = PBXFileReference; fileEncoding = 4; lastKnownFileType = sourcecode.c.h; path = UploadManager.h; sourceTree = "<group>"; };
		27A83E2F1C473C060055502E /* UploadManager.m */ = {isa = PBXFileReference; fileEncoding = 4; lastKnownFileType = sourcecode.c.objc; path = UploadManager.m; sourceTree = "<group>"; };
		27A83E311C473DBE0055502E /* UploadClient.h */ = {isa = PBXFileReference; fileEncoding = 4; lastKnownFileType = sourcecode.c.h; path = UploadClient.h; sourceTree = "<group>"; };
		27A83E321C473DBE0055502E /* UploadClient.m */ = {isa = PBXFileReference; fileEncoding = 4; lastKnownFileType = sourcecode.c.objc; path = UploadClient.m; sourceTree = "<group>"; };
		27A83E341C4742210055502E /* NetworkMacro.h */ = {isa = PBXFileReference; fileEncoding = 4; lastKnownFileType = sourcecode.c.h; path = NetworkMacro.h; sourceTree = "<group>"; };
		27A83E361C474B2D0055502E /* NotificationMacro.h */ = {isa = PBXFileReference; fileEncoding = 4; lastKnownFileType = sourcecode.c.h; path = NotificationMacro.h; sourceTree = "<group>"; };
		27A83E391C4783E40055502E /* RootViewController.h */ = {isa = PBXFileReference; fileEncoding = 4; lastKnownFileType = sourcecode.c.h; path = RootViewController.h; sourceTree = "<group>"; };
		27A83E3A1C4783E40055502E /* RootViewController.m */ = {isa = PBXFileReference; fileEncoding = 4; lastKnownFileType = sourcecode.c.objc; path = RootViewController.m; sourceTree = "<group>"; };
		27A83E3D1C4790CA0055502E /* LoginViewController.h */ = {isa = PBXFileReference; fileEncoding = 4; lastKnownFileType = sourcecode.c.h; path = LoginViewController.h; sourceTree = "<group>"; };
		27A83E3E1C4790CA0055502E /* LoginViewController.m */ = {isa = PBXFileReference; fileEncoding = 4; lastKnownFileType = sourcecode.c.objc; path = LoginViewController.m; sourceTree = "<group>"; };
		A722D560414E2B7AA882522C /* Pods.debug.xcconfig */ = {isa = PBXFileReference; includeInIndex = 1; lastKnownFileType = text.xcconfig; name = Pods.debug.xcconfig; path = "Pods/Target Support Files/Pods/Pods.debug.xcconfig"; sourceTree = "<group>"; };
		C01C5E65FB34BB55FD65BD95 /* libPods.a */ = {isa = PBXFileReference; explicitFileType = archive.ar; includeInIndex = 0; path = libPods.a; sourceTree = BUILT_PRODUCTS_DIR; };
/* End PBXFileReference section */

/* Begin PBXFrameworksBuildPhase section */
		2718C0931C30D12300457E66 /* Frameworks */ = {
			isa = PBXFrameworksBuildPhase;
			buildActionMask = 2147483647;
			files = (
				1BD6BB6F1C639FC100BA54F3 /* CoreGraphics.framework in Frameworks */,
				1BD6BB6D1C639FAE00BA54F3 /* QuartzCore.framework in Frameworks */,
				1BD6BB6B1C639F9B00BA54F3 /* SystemConfiguration.framework in Frameworks */,
				1BD6BB691C639F8600BA54F3 /* AudioToolbox.framework in Frameworks */,
				1BD6BB671C639F7600BA54F3 /* AddressBook.framework in Frameworks */,
				1BD6BB651C639F6500BA54F3 /* AVFoundation.framework in Frameworks */,
				1BD6BB631C639F5800BA54F3 /* CoreTelephony.framework in Frameworks */,
				1BD6BB611C639F4F00BA54F3 /* CoreLocation.framework in Frameworks */,
				1B1095401C5869B600465235 /* libxml2.tbd in Frameworks */,
				1B10953E1C5869AA00465235 /* libsqlite3.0.tbd in Frameworks */,
				1B10953C1C58699D00465235 /* libz.tbd in Frameworks */,
				1B1095AF1C6349B000465235 /* iflyMSC.framework in Frameworks */,
				F84121DC539A18C431868CB8 /* libPods.a in Frameworks */,
			);
			runOnlyForDeploymentPostprocessing = 0;
		};
		2718C0AC1C30D12300457E66 /* Frameworks */ = {
			isa = PBXFrameworksBuildPhase;
			buildActionMask = 2147483647;
			files = (
			);
			runOnlyForDeploymentPostprocessing = 0;
		};
		2718C0B71C30D12300457E66 /* Frameworks */ = {
			isa = PBXFrameworksBuildPhase;
			buildActionMask = 2147483647;
			files = (
			);
			runOnlyForDeploymentPostprocessing = 0;
		};
/* End PBXFrameworksBuildPhase section */

/* Begin PBXGroup section */
		0B13DE097ED11BE393A92DD4 /* Frameworks */ = {
			isa = PBXGroup;
			children = (
				1BD6BB6E1C639FC100BA54F3 /* CoreGraphics.framework */,
				1BD6BB6C1C639FAE00BA54F3 /* QuartzCore.framework */,
				1BD6BB6A1C639F9B00BA54F3 /* SystemConfiguration.framework */,
				1BD6BB681C639F8600BA54F3 /* AudioToolbox.framework */,
				1BD6BB661C639F7600BA54F3 /* AddressBook.framework */,
				1BD6BB641C639F6500BA54F3 /* AVFoundation.framework */,
				1BD6BB621C639F5800BA54F3 /* CoreTelephony.framework */,
				1BD6BB601C639F4F00BA54F3 /* CoreLocation.framework */,
				1B10953F1C5869B600465235 /* libxml2.tbd */,
				1B10953D1C5869AA00465235 /* libsqlite3.0.tbd */,
				1B10953B1C58699D00465235 /* libz.tbd */,
				C01C5E65FB34BB55FD65BD95 /* libPods.a */,
			);
			name = Frameworks;
			sourceTree = "<group>";
		};
		1B10954B1C5907C300465235 /* NewManuscript */ = {
			isa = PBXGroup;
			children = (
				1B10959A1C5F90B500465235 /* View */,
				1B10954C1C59080A00465235 /* NewTextController.h */,
				1B10954D1C59080A00465235 /* NewTextController.m */,
				1B10954F1C590AAC00465235 /* NewImageController.h */,
				1B1095501C590AAC00465235 /* NewImageController.m */,
				1B1095521C590BF100465235 /* NewAudioController.h */,
				1B1095531C590BF100465235 /* NewAudioController.m */,
				1B1095551C590CBB00465235 /* NewVideoController.h */,
				1B1095561C590CBB00465235 /* NewVideoController.m */,
				1B1095681C59A9BA00465235 /* NewArticlesController.h */,
				1B1095691C59A9BA00465235 /* NewArticlesController.m */,
				1B10959E1C60981200465235 /* AttachDetailController.h */,
				1B10959F1C60981200465235 /* AttachDetailController.m */,
				1B1095A41C61A3D100465235 /* RecordVoiceController.h */,
				1B1095A51C61A3D100465235 /* RecordVoiceController.m */,
				1B622EBD1C70593A00368A1A /* AudioPlayerController.h */,
				1B622EBE1C70593A00368A1A /* AudioPlayerController.m */,
			);
			path = NewManuscript;
			sourceTree = "<group>";
		};
		1B1095641C59A8A800465235 /* TagManagement */ = {
			isa = PBXGroup;
			children = (
				1B1095651C59A8DE00465235 /* TemplateManageController.h */,
				1B1095661C59A8DE00465235 /* TemplateManageController.m */,
				1B1095751C59C00900465235 /* SendToAddressController.h */,
				1B1095761C59C00900465235 /* SendToAddressController.m */,
				1B10957E1C5C5D3C00465235 /* NewTagDetailViewController.h */,
				1B10957F1C5C5D3C00465235 /* NewTagDetailViewController.m */,
				1B10958E1C5F4B7700465235 /* DocTypeSuperController.h */,
				1B10958F1C5F4B7700465235 /* DocTypeSuperController.m */,
				1B1095911C5F5BEA00465235 /* DocTypeSecLVController.h */,
				1B1095921C5F5BEA00465235 /* DocTypeSecLVController.m */,
				1B1095941C5F60A000465235 /* DocTypeTriLVController.h */,
				1B1095951C5F60A000465235 /* DocTypeTriLVController.m */,
				1B1095971C5F68A700465235 /* DocTypeUltraLVController.h */,
				1B1095981C5F68A700465235 /* DocTypeUltraLVController.m */,
			);
			path = TagManagement;
			sourceTree = "<group>";
		};
		1B10956B1C59AACD00465235 /* SystemManagement */ = {
			isa = PBXGroup;
			children = (
				1B10956C1C59AB2300465235 /* MoreViewController.h */,
				1B10956D1C59AB2300465235 /* MoreViewController.m */,
				1B10956F1C59ABD700465235 /* SystemManagerController.h */,
				1B1095701C59ABD700465235 /* SystemManagerController.m */,
				1B1095721C59AC7900465235 /* AuditNewsViewController.h */,
				1B1095731C59AC7900465235 /* AuditNewsViewController.m */,
				1B1095881C5E1C9400465235 /* DetailAuditNewsViewController.h */,
				1B1095891C5E1C9400465235 /* DetailAuditNewsViewController.m */,
			);
			path = SystemManagement;
			sourceTree = "<group>";
		};
		1B1095811C5CE9D200465235 /* EditingScriptList */ = {
			isa = PBXGroup;
			children = (
				1B622EAD1C6F18AF00368A1A /* EditingScriptController.h */,
				1B622EAE1C6F18AF00368A1A /* EditingScriptController.m */,
				1B1095821C5CEA2700465235 /* EditScriptCell.h */,
				1B1095831C5CEA2700465235 /* EditScriptCell.m */,
			);
			path = EditingScriptList;
			sourceTree = "<group>";
		};
		1B10959A1C5F90B500465235 /* View */ = {
			isa = PBXGroup;
			children = (
				1B10959B1C5F90F100465235 /* VideoGrid.h */,
				1B10959C1C5F90F100465235 /* VideoGrid.m */,
			);
			path = View;
			sourceTree = "<group>";
		};
		1B622EA61C6F05A000368A1A /* UploadScript */ = {
			isa = PBXGroup;
			children = (
				1B622EAA1C6F09E200368A1A /* TaskManagementViewController.h */,
				1B622EAB1C6F09E200368A1A /* TaskManagementViewController.m */,
				1B622EA71C6F05D600368A1A /* UploadTaskCell.h */,
				1B622EA81C6F05D600368A1A /* UploadTaskCell.m */,
			);
			path = UploadScript;
			sourceTree = "<group>";
		};
		1B622EB31C701A6B00368A1A /* AbandonedScript */ = {
			isa = PBXGroup;
			children = (
				1B622EB41C701AAB00368A1A /* AbandonedScriptController.h */,
				1B622EB51C701AAB00368A1A /* AbandonedScriptController.m */,
				1B622EB71C70261A00368A1A /* AbandonedScriptCell.h */,
				1B622EB81C70261A00368A1A /* AbandonedScriptCell.m */,
			);
			path = AbandonedScript;
			sourceTree = "<group>";
		};
		2713AFBA1C5214D6006AA96D /* Lib */ = {
			isa = PBXGroup;
			children = (
				2713AFBB1C5214F8006AA96D /* OpenUDID */,
			);
			path = Lib;
			sourceTree = "<group>";
		};
		2713AFBB1C5214F8006AA96D /* OpenUDID */ = {
			isa = PBXGroup;
			children = (
				2713AFBC1C5214F8006AA96D /* OpenUDID.h */,
				2713AFBD1C5214F8006AA96D /* OpenUDID.m */,
			);
			path = OpenUDID;
			sourceTree = "<group>";
		};
		2713AFE61C5614D0006AA96D /* ManuscriptList */ = {
			isa = PBXGroup;
			children = (
				1B622EB31C701A6B00368A1A /* AbandonedScript */,
				1B622EA61C6F05A000368A1A /* UploadScript */,
				1B1095811C5CE9D200465235 /* EditingScriptList */,
				2713AFE71C5614EC006AA96D /* SendedScript */,
			);
			path = ManuscriptList;
			sourceTree = "<group>";
		};
		2713AFE71C5614EC006AA96D /* SendedScript */ = {
			isa = PBXGroup;
			children = (
				1B622EB01C6F194400368A1A /* SendedScriptController.h */,
				1B622EB11C6F194400368A1A /* SendedScriptController.m */,
				2713AFE81C56153A006AA96D /* ScriptCell.h */,
				2713AFE91C56153A006AA96D /* ScriptCell.m */,
				1B1095441C58716F00465235 /* ScriptItem.h */,
				1B1095451C58716F00465235 /* ScriptItem.m */,
			);
			path = SendedScript;
			sourceTree = "<group>";
		};
		2718C08D1C30D12200457E66 = {
			isa = PBXGroup;
			children = (
				2718C0981C30D12300457E66 /* CNewsPro */,
				2718C0B21C30D12300457E66 /* CNewsProTests */,
				2718C0BD1C30D12300457E66 /* CNewsProUITests */,
				2718C0971C30D12300457E66 /* Products */,
				4F8B09D05C2145F71316B842 /* Pods */,
				0B13DE097ED11BE393A92DD4 /* Frameworks */,
			);
			sourceTree = "<group>";
		};
		2718C0971C30D12300457E66 /* Products */ = {
			isa = PBXGroup;
			children = (
				2718C0961C30D12300457E66 /* CNewsPro.app */,
				2718C0AF1C30D12300457E66 /* CNewsProTests.xctest */,
				2718C0BA1C30D12300457E66 /* CNewsProUITests.xctest */,
			);
			name = Products;
			sourceTree = "<group>";
		};
		2718C0981C30D12300457E66 /* CNewsPro */ = {
			isa = PBXGroup;
			children = (
				2713AFBA1C5214D6006AA96D /* Lib */,
				27A83D671C4736740055502E /* Resources */,
				27A83D491C4635AE0055502E /* AppDelegate */,
				27A83D4D1C4637300055502E /* Classes */,
				2718C0991C30D12300457E66 /* Supporting Files */,
			);
			path = CNewsPro;
			sourceTree = "<group>";
		};
		2718C0991C30D12300457E66 /* Supporting Files */ = {
			isa = PBXGroup;
			children = (
				2718C09A1C30D12300457E66 /* main.m */,
				2718C0A51C30D12300457E66 /* Assets.xcassets */,
				2718C0A71C30D12300457E66 /* LaunchScreen.storyboard */,
				2718C0AA1C30D12300457E66 /* Info.plist */,
				27A83D5C1C46492A0055502E /* PrefixHeader.pch */,
				2713AFC41C55B2BA006AA96D /* BasicXmlList.plist */,
				2713AFC51C55B2BA006AA96D /* mc.db */,
			);
			name = "Supporting Files";
			sourceTree = "<group>";
		};
		2718C0B21C30D12300457E66 /* CNewsProTests */ = {
			isa = PBXGroup;
			children = (
				2718C0B31C30D12300457E66 /* CNewsProTests.m */,
				2718C0B51C30D12300457E66 /* Info.plist */,
			);
			path = CNewsProTests;
			sourceTree = "<group>";
		};
		2718C0BD1C30D12300457E66 /* CNewsProUITests */ = {
			isa = PBXGroup;
			children = (
				2718C0BE1C30D12300457E66 /* CNewsProUITests.m */,
				2718C0C01C30D12300457E66 /* Info.plist */,
			);
			path = CNewsProUITests;
			sourceTree = "<group>";
		};
		278D927A1C488C740017415B /* Database */ = {
			isa = PBXGroup;
			children = (
				278D92851C48D1FE0017415B /* Model */,
				278D927B1C488CC90017415B /* Basic */,
				278D927F1C489D3F0017415B /* UserDB.h */,
				278D92801C489D3F0017415B /* UserDB.m */,
				1B1095411C586F8F00465235 /* ManuscriptsDB.h */,
				1B1095421C586F8F00465235 /* ManuscriptsDB.m */,
				278D92891C48D4C80017415B /* ServerAddressDB.h */,
				278D928A1C48D4C80017415B /* ServerAddressDB.m */,
				2713AFB71C51F8CC006AA96D /* ManuscriptTemplateDB.h */,
				2713AFB81C51F8CC006AA96D /* ManuscriptTemplateDB.m */,
				1B33EA071C525DDD00223AFF /* AccessoriesDB.h */,
				1B33EA081C525DDD00223AFF /* AccessoriesDB.m */,
				1B33EA131C5329F500223AFF /* SendToAddressDB.h */,
				1B33EA141C5329F500223AFF /* SendToAddressDB.m */,
				2713AFC81C55C16C006AA96D /* LanguageDB.h */,
				2713AFC91C55C16C006AA96D /* LanguageDB.m */,
				2713AFCB1C55C313006AA96D /* NewTypeDB.h */,
				2713AFCC1C55C313006AA96D /* NewTypeDB.m */,
				2713AFCE1C55C401006AA96D /* RegionDB.h */,
				2713AFCF1C55C401006AA96D /* RegionDB.m */,
				2713AFD11C55C61B006AA96D /* PlaceDB.h */,
				2713AFD21C55C61B006AA96D /* PlaceDB.m */,
				2713AFD41C55C814006AA96D /* NewsCategoryDB.h */,
				2713AFD51C55C814006AA96D /* NewsCategoryDB.m */,
				2713AFD71C55C907006AA96D /* ComeFromAddressDB.h */,
				2713AFD81C55C907006AA96D /* ComeFromAddressDB.m */,
				2713AFDA1C55CA00006AA96D /* ProvideTypeDB.h */,
				2713AFDB1C55CA00006AA96D /* ProvideTypeDB.m */,
				2713AFDD1C55CABA006AA96D /* NewsPriorityDB.h */,
				2713AFDE1C55CABA006AA96D /* NewsPriorityDB.m */,
				1B1095781C59FF3D00465235 /* EmployeeSendToAddressDB.h */,
				1B1095791C59FF3D00465235 /* EmployeeSendToAddressDB.m */,
			);
			path = Database;
			sourceTree = "<group>";
		};
		278D927B1C488CC90017415B /* Basic */ = {
			isa = PBXGroup;
			children = (
				278D927C1C488CF80017415B /* BasicDatabase.h */,
				278D927D1C488CF80017415B /* BasicDatabase.m */,
			);
			path = Basic;
			sourceTree = "<group>";
		};
		278D92851C48D1FE0017415B /* Model */ = {
			isa = PBXGroup;
			children = (
				2713AFF41C585C63006AA96D /* Accessories.h */,
				2713AFF51C585C63006AA96D /* Accessories.m */,
				2713AFF61C585C63006AA96D /* ComeFromAddress.h */,
				2713AFF71C585C63006AA96D /* ComeFromAddress.m */,
				2713AFF81C585C63006AA96D /* CommonModel.h */,
				2713AFF91C585C63006AA96D /* CommonModel.m */,
				2713AFFA1C585C63006AA96D /* Language.h */,
				2713AFFB1C585C63006AA96D /* Language.m */,
				2713AFFC1C585C63006AA96D /* Manuscripts.h */,
				2713AFFD1C585C63006AA96D /* Manuscripts.m */,
				2713AFFE1C585C63006AA96D /* ManuscriptTemplate.h */,
				2713AFFF1C585C63006AA96D /* ManuscriptTemplate.m */,
				2713B0001C585C63006AA96D /* NewsCategory.h */,
				2713B0011C585C63006AA96D /* NewsCategory.m */,
				2713B0021C585C63006AA96D /* NewsPriority.h */,
				2713B0031C585C63006AA96D /* NewsPriority.m */,
				2713B0041C585C63006AA96D /* NewsType.h */,
				2713B0051C585C63006AA96D /* NewsType.m */,
				2713B0061C585C63006AA96D /* Place.h */,
				2713B0071C585C63006AA96D /* Place.m */,
				2713B0081C585C63006AA96D /* ProvideType.h */,
				2713B0091C585C63006AA96D /* ProvideType.m */,
				2713B00A1C585C63006AA96D /* Region.h */,
				2713B00B1C585C63006AA96D /* Region.m */,
				2713B00C1C585C63006AA96D /* SendToAddress.h */,
				2713B00D1C585C63006AA96D /* SendToAddress.m */,
				2713B00E1C585C63006AA96D /* ServerAddress.h */,
				2713B00F1C585C63006AA96D /* ServerAddress.m */,
				2713B0101C585C63006AA96D /* User.h */,
				2713B0111C585C63006AA96D /* User.m */,
				1B10957B1C5A001700465235 /* EmployeeSendToAddress.h */,
				1B10957C1C5A001700465235 /* EmployeeSendToAddress.m */,
				1B1095851C5E17D900465235 /* AuditNewsItem.h */,
				1B1095861C5E17D900465235 /* AuditNewsItem.m */,
			);
			path = Model;
			sourceTree = "<group>";
		};
		278D928C1C48DEE20017415B /* Category */ = {
			isa = PBXGroup;
			children = (
				278D928E1C48DFBE0017415B /* UIDevice+IdentifierAddition.h */,
				278D928F1C48DFBE0017415B /* UIDevice+IdentifierAddition.m */,
				2713AF991C4C7492006AA96D /* NSString+Security.h */,
				2713AF9A1C4C7492006AA96D /* NSString+Security.m */,
				2713AFAB1C4CEB11006AA96D /* NSData+LTExtension.h */,
				2713AFAC1C4CEB11006AA96D /* NSData+LTExtension.m */,
				1B1095A11C6099FF00465235 /* UIView+FirstResponder.h */,
				1B1095A21C6099FF00465235 /* UIView+FirstResponder.m */,
			);
			path = Category;
			sourceTree = "<group>";
		};
		27A83D491C4635AE0055502E /* AppDelegate */ = {
			isa = PBXGroup;
			children = (
				27A83D4A1C46371F0055502E /* AppDelegate.h */,
				27A83D4B1C46371F0055502E /* AppDelegate.m */,
			);
			path = AppDelegate;
			sourceTree = "<group>";
		};
		27A83D4D1C4637300055502E /* Classes */ = {
			isa = PBXGroup;
			children = (
				27A83D581C46487C0055502E /* Macro */,
				1B10956B1C59AACD00465235 /* SystemManagement */,
				1B1095641C59A8A800465235 /* TagManagement */,
				1B10954B1C5907C300465235 /* NewManuscript */,
				2713AFE61C5614D0006AA96D /* ManuscriptList */,
				278D927A1C488C740017415B /* Database */,
				27A83E371C4783980055502E /* Basic */,
				27A83D631C4659720055502E /* Network */,
				27A83D5D1C4656120055502E /* Login */,
				27A83D541C463D690055502E /* Common */,
				27A83D4E1C463B360055502E /* HomePage */,
			);
			path = Classes;
			sourceTree = "<group>";
		};
		27A83D4E1C463B360055502E /* HomePage */ = {
			isa = PBXGroup;
			children = (
				27A83D4F1C463BC40055502E /* XinHuaManuscriptController.h */,
				27A83D501C463BC40055502E /* XinHuaManuscriptController.m */,
				27A83D511C463BC40055502E /* XinHuaManuscriptController.xib */,
				1B1095481C58F96B00465235 /* UserGuideViewController.h */,
				1B1095491C58F96B00465235 /* UserGuideViewController.m */,
			);
			path = HomePage;
			sourceTree = "<group>";
		};
		27A83D541C463D690055502E /* Common */ = {
			isa = PBXGroup;
			children = (
				278D928C1C48DEE20017415B /* Category */,
				27A83D551C463DA10055502E /* Utility.h */,
				27A83D561C463DA10055502E /* Utility.m */,
				1B93B2121C68456200DE77F7 /* IATConfig.h */,
				1B93B2131C68456200DE77F7 /* IATConfig.m */,
				2713AFB41C51C88A006AA96D /* BasicInfoUtility.h */,
				2713AFB51C51C88A006AA96D /* BasicInfoUtility.m */,
				2713AFC11C523069006AA96D /* MediaTypeXmlAnalytic.h */,
				2713AFC21C523069006AA96D /* MediaTypeXmlAnalytic.m */,
				1B10958B1C5F08E700465235 /* MAlertView.h */,
				1B10958C1C5F08E700465235 /* MAlertView.m */,
				1B622EBA1C70488700368A1A /* ModalAlert.h */,
				1B622EBB1C70488700368A1A /* ModalAlert.m */,
			);
			path = Common;
			sourceTree = "<group>";
		};
		27A83D581C46487C0055502E /* Macro */ = {
			isa = PBXGroup;
			children = (
				27A83D5A1C4648EC0055502E /* AppMacro.h */,
				27A83D5B1C4649060055502E /* PublicMacro.h */,
				27A83E341C4742210055502E /* NetworkMacro.h */,
				27A83E361C474B2D0055502E /* NotificationMacro.h */,
			);
			path = Macro;
			sourceTree = "<group>";
		};
		27A83D5D1C4656120055502E /* Login */ = {
			isa = PBXGroup;
			children = (
				27A83E3C1C4790A30055502E /* ViewController */,
			);
			path = Login;
			sourceTree = "<group>";
		};
		27A83D631C4659720055502E /* Network */ = {
			isa = PBXGroup;
			children = (
				27A83D641C4659BF0055502E /* RequestMaker.h */,
				27A83D651C4659BF0055502E /* RequestMaker.m */,
				27A83E2E1C473C060055502E /* UploadManager.h */,
				27A83E2F1C473C060055502E /* UploadManager.m */,
				27A83E311C473DBE0055502E /* UploadClient.h */,
				27A83E321C473DBE0055502E /* UploadClient.m */,
				2713AF9C1C4C8217006AA96D /* NetworkManager.h */,
				2713AF9D1C4C8217006AA96D /* NetworkManager.m */,
				2713AF9F1C4C89F3006AA96D /* UploadQueue.h */,
				2713AFA01C4C89F3006AA96D /* UploadQueue.m */,
				2713AFB11C50C0EF006AA96D /* CommonClient.h */,
				2713AFB21C50C0EF006AA96D /* CommonClient.m */,
				1B33EA0A1C5260DD00223AFF /* UploadMaker.h */,
				1B33EA0B1C5260DD00223AFF /* UploadMaker.m */,
			);
			path = Network;
			sourceTree = "<group>";
		};
		27A83D671C4736740055502E /* Resources */ = {
			isa = PBXGroup;
			children = (
				1B1095AE1C6349B000465235 /* iflyMSC.framework */,
			);
			path = Resources;
			sourceTree = "<group>";
		};
		27A83E371C4783980055502E /* Basic */ = {
			isa = PBXGroup;
			children = (
				27A83E381C4783B70055502E /* ViewController */,
			);
			path = Basic;
			sourceTree = "<group>";
		};
		27A83E381C4783B70055502E /* ViewController */ = {
			isa = PBXGroup;
			children = (
				27A83E391C4783E40055502E /* RootViewController.h */,
				27A83E3A1C4783E40055502E /* RootViewController.m */,
			);
			path = ViewController;
			sourceTree = "<group>";
		};
		27A83E3C1C4790A30055502E /* ViewController */ = {
			isa = PBXGroup;
			children = (
				27A83E3D1C4790CA0055502E /* LoginViewController.h */,
				27A83E3E1C4790CA0055502E /* LoginViewController.m */,
				278D92821C48C91D0017415B /* LoginManagermentController.h */,
				278D92831C48C91D0017415B /* LoginManagermentController.m */,
			);
			path = ViewController;
			sourceTree = "<group>";
		};
		4F8B09D05C2145F71316B842 /* Pods */ = {
			isa = PBXGroup;
			children = (
				A722D560414E2B7AA882522C /* Pods.debug.xcconfig */,
				0EB46AFD6717CD40C21788CE /* Pods.release.xcconfig */,
			);
			name = Pods;
			sourceTree = "<group>";
		};
/* End PBXGroup section */

/* Begin PBXNativeTarget section */
		2718C0951C30D12300457E66 /* CNewsPro */ = {
			isa = PBXNativeTarget;
			buildConfigurationList = 2718C0C31C30D12300457E66 /* Build configuration list for PBXNativeTarget "CNewsPro" */;
			buildPhases = (
				737E685AD5DDE4D3B6495968 /* Check Pods Manifest.lock */,
				2718C0921C30D12300457E66 /* Sources */,
				2718C0931C30D12300457E66 /* Frameworks */,
				2718C0941C30D12300457E66 /* Resources */,
				5FBF31045AF074C9ACE84945 /* Embed Pods Frameworks */,
				4856495ED607FAD68406E594 /* Copy Pods Resources */,
			);
			buildRules = (
			);
			dependencies = (
			);
			name = CNewsPro;
			productName = CNewsPro;
			productReference = 2718C0961C30D12300457E66 /* CNewsPro.app */;
			productType = "com.apple.product-type.application";
		};
		2718C0AE1C30D12300457E66 /* CNewsProTests */ = {
			isa = PBXNativeTarget;
			buildConfigurationList = 2718C0C61C30D12300457E66 /* Build configuration list for PBXNativeTarget "CNewsProTests" */;
			buildPhases = (
				2718C0AB1C30D12300457E66 /* Sources */,
				2718C0AC1C30D12300457E66 /* Frameworks */,
				2718C0AD1C30D12300457E66 /* Resources */,
			);
			buildRules = (
			);
			dependencies = (
				2718C0B11C30D12300457E66 /* PBXTargetDependency */,
			);
			name = CNewsProTests;
			productName = CNewsProTests;
			productReference = 2718C0AF1C30D12300457E66 /* CNewsProTests.xctest */;
			productType = "com.apple.product-type.bundle.unit-test";
		};
		2718C0B91C30D12300457E66 /* CNewsProUITests */ = {
			isa = PBXNativeTarget;
			buildConfigurationList = 2718C0C91C30D12300457E66 /* Build configuration list for PBXNativeTarget "CNewsProUITests" */;
			buildPhases = (
				2718C0B61C30D12300457E66 /* Sources */,
				2718C0B71C30D12300457E66 /* Frameworks */,
				2718C0B81C30D12300457E66 /* Resources */,
			);
			buildRules = (
			);
			dependencies = (
				2718C0BC1C30D12300457E66 /* PBXTargetDependency */,
			);
			name = CNewsProUITests;
			productName = CNewsProUITests;
			productReference = 2718C0BA1C30D12300457E66 /* CNewsProUITests.xctest */;
			productType = "com.apple.product-type.bundle.ui-testing";
		};
/* End PBXNativeTarget section */

/* Begin PBXProject section */
		2718C08E1C30D12200457E66 /* Project object */ = {
			isa = PBXProject;
			attributes = {
				LastUpgradeCheck = 0710;
				ORGANIZATIONNAME = BGXT;
				TargetAttributes = {
					2718C0951C30D12300457E66 = {
						CreatedOnToolsVersion = 7.1;
					};
					2718C0AE1C30D12300457E66 = {
						CreatedOnToolsVersion = 7.1;
						TestTargetID = 2718C0951C30D12300457E66;
					};
					2718C0B91C30D12300457E66 = {
						CreatedOnToolsVersion = 7.1;
						TestTargetID = 2718C0951C30D12300457E66;
					};
				};
			};
			buildConfigurationList = 2718C0911C30D12200457E66 /* Build configuration list for PBXProject "CNewsPro" */;
			compatibilityVersion = "Xcode 3.2";
			developmentRegion = English;
			hasScannedForEncodings = 0;
			knownRegions = (
				en,
				Base,
			);
			mainGroup = 2718C08D1C30D12200457E66;
			productRefGroup = 2718C0971C30D12300457E66 /* Products */;
			projectDirPath = "";
			projectRoot = "";
			targets = (
				2718C0951C30D12300457E66 /* CNewsPro */,
				2718C0AE1C30D12300457E66 /* CNewsProTests */,
				2718C0B91C30D12300457E66 /* CNewsProUITests */,
			);
		};
/* End PBXProject section */

/* Begin PBXResourcesBuildPhase section */
		2718C0941C30D12300457E66 /* Resources */ = {
			isa = PBXResourcesBuildPhase;
			buildActionMask = 2147483647;
			files = (
				2713AFC71C55B2BA006AA96D /* mc.db in Resources */,
				2713AFC61C55B2BA006AA96D /* BasicXmlList.plist in Resources */,
				2718C0A91C30D12300457E66 /* LaunchScreen.storyboard in Resources */,
				2718C0A61C30D12300457E66 /* Assets.xcassets in Resources */,
				27A83D531C463BC40055502E /* XinHuaManuscriptController.xib in Resources */,
			);
			runOnlyForDeploymentPostprocessing = 0;
		};
		2718C0AD1C30D12300457E66 /* Resources */ = {
			isa = PBXResourcesBuildPhase;
			buildActionMask = 2147483647;
			files = (
			);
			runOnlyForDeploymentPostprocessing = 0;
		};
		2718C0B81C30D12300457E66 /* Resources */ = {
			isa = PBXResourcesBuildPhase;
			buildActionMask = 2147483647;
			files = (
			);
			runOnlyForDeploymentPostprocessing = 0;
		};
/* End PBXResourcesBuildPhase section */

/* Begin PBXShellScriptBuildPhase section */
		4856495ED607FAD68406E594 /* Copy Pods Resources */ = {
			isa = PBXShellScriptBuildPhase;
			buildActionMask = 2147483647;
			files = (
			);
			inputPaths = (
			);
			name = "Copy Pods Resources";
			outputPaths = (
			);
			runOnlyForDeploymentPostprocessing = 0;
			shellPath = /bin/sh;
			shellScript = "\"${SRCROOT}/Pods/Target Support Files/Pods/Pods-resources.sh\"\n";
			showEnvVarsInLog = 0;
		};
		5FBF31045AF074C9ACE84945 /* Embed Pods Frameworks */ = {
			isa = PBXShellScriptBuildPhase;
			buildActionMask = 2147483647;
			files = (
			);
			inputPaths = (
			);
			name = "Embed Pods Frameworks";
			outputPaths = (
			);
			runOnlyForDeploymentPostprocessing = 0;
			shellPath = /bin/sh;
			shellScript = "\"${SRCROOT}/Pods/Target Support Files/Pods/Pods-frameworks.sh\"\n";
			showEnvVarsInLog = 0;
		};
		737E685AD5DDE4D3B6495968 /* Check Pods Manifest.lock */ = {
			isa = PBXShellScriptBuildPhase;
			buildActionMask = 2147483647;
			files = (
			);
			inputPaths = (
			);
			name = "Check Pods Manifest.lock";
			outputPaths = (
			);
			runOnlyForDeploymentPostprocessing = 0;
			shellPath = /bin/sh;
			shellScript = "diff \"${PODS_ROOT}/../Podfile.lock\" \"${PODS_ROOT}/Manifest.lock\" > /dev/null\nif [[ $? != 0 ]] ; then\n    cat << EOM\nerror: The sandbox is not in sync with the Podfile.lock. Run 'pod install' or update your CocoaPods installation.\nEOM\n    exit 1\nfi\n";
			showEnvVarsInLog = 0;
		};
/* End PBXShellScriptBuildPhase section */

/* Begin PBXSourcesBuildPhase section */
		2718C0921C30D12300457E66 /* Sources */ = {
			isa = PBXSourcesBuildPhase;
			buildActionMask = 2147483647;
			files = (
				2713B0121C585C63006AA96D /* Accessories.m in Sources */,
				1B10956E1C59AB2300465235 /* MoreViewController.m in Sources */,
				2713B0181C585C63006AA96D /* NewsCategory.m in Sources */,
				27A83D571C463DA10055502E /* Utility.m in Sources */,
				2713B01F1C585C63006AA96D /* ServerAddress.m in Sources */,
				1B622EB21C6F194400368A1A /* SendedScriptController.m in Sources */,
				27A83D4C1C46371F0055502E /* AppDelegate.m in Sources */,
				2718C09B1C30D12300457E66 /* main.m in Sources */,
				2713AFDC1C55CA00006AA96D /* ProvideTypeDB.m in Sources */,
				2713AFEA1C56153A006AA96D /* ScriptCell.m in Sources */,
				278D92841C48C91D0017415B /* LoginManagermentController.m in Sources */,
				1B93B2141C68456200DE77F7 /* IATConfig.m in Sources */,
				27A83D521C463BC40055502E /* XinHuaManuscriptController.m in Sources */,
				2713B01E1C585C63006AA96D /* SendToAddress.m in Sources */,
				1B10956A1C59A9BA00465235 /* NewArticlesController.m in Sources */,
				1B1095901C5F4B7700465235 /* DocTypeSuperController.m in Sources */,
				1B1095741C59AC7900465235 /* AuditNewsViewController.m in Sources */,
				1B1095991C5F68A700465235 /* DocTypeUltraLVController.m in Sources */,
				1B10959D1C5F90F100465235 /* VideoGrid.m in Sources */,
				2713B0131C585C63006AA96D /* ComeFromAddress.m in Sources */,
				2713AFCD1C55C313006AA96D /* NewTypeDB.m in Sources */,
				27A83D661C4659BF0055502E /* RequestMaker.m in Sources */,
				1B33EA091C525DDD00223AFF /* AccessoriesDB.m in Sources */,
				1B1095771C59C00900465235 /* SendToAddressController.m in Sources */,
				2713B01A1C585C63006AA96D /* NewsType.m in Sources */,
				2713AFA11C4C89F3006AA96D /* UploadQueue.m in Sources */,
				2713AFB91C51F8CC006AA96D /* ManuscriptTemplateDB.m in Sources */,
				1B1095A61C61A3D100465235 /* RecordVoiceController.m in Sources */,
				2713AFB31C50C0EF006AA96D /* CommonClient.m in Sources */,
				278D927E1C488CF80017415B /* BasicDatabase.m in Sources */,
				1B622EB91C70261A00368A1A /* AbandonedScriptCell.m in Sources */,
				2713B01B1C585C63006AA96D /* Place.m in Sources */,
				1B10954E1C59080A00465235 /* NewTextController.m in Sources */,
				27A83E3F1C4790CA0055502E /* LoginViewController.m in Sources */,
				1B33EA0C1C5260DD00223AFF /* UploadMaker.m in Sources */,
				1B10958A1C5E1C9400465235 /* DetailAuditNewsViewController.m in Sources */,
				1B622EB61C701AAB00368A1A /* AbandonedScriptController.m in Sources */,
				1B622EBF1C70593A00368A1A /* AudioPlayerController.m in Sources */,
				27A83E3B1C4783E40055502E /* RootViewController.m in Sources */,
				1B622EBC1C70488700368A1A /* ModalAlert.m in Sources */,
				2713AFAD1C4CEB11006AA96D /* NSData+LTExtension.m in Sources */,
				2713AF9B1C4C7492006AA96D /* NSString+Security.m in Sources */,
				1B1095511C590AAC00465235 /* NewImageController.m in Sources */,
				2713AFC31C523069006AA96D /* MediaTypeXmlAnalytic.m in Sources */,
				2713B0191C585C63006AA96D /* NewsPriority.m in Sources */,
				2713B0171C585C63006AA96D /* ManuscriptTemplate.m in Sources */,
				1B1095571C590CBB00465235 /* NewVideoController.m in Sources */,
				1B1095541C590BF100465235 /* NewAudioController.m in Sources */,
				27A83E331C473DBE0055502E /* UploadClient.m in Sources */,
				1B33EA151C5329F500223AFF /* SendToAddressDB.m in Sources */,
				1B10954A1C58F96B00465235 /* UserGuideViewController.m in Sources */,
				1B10957D1C5A001700465235 /* EmployeeSendToAddress.m in Sources */,
				2713B0151C585C63006AA96D /* Language.m in Sources */,
				2713AFD61C55C814006AA96D /* NewsCategoryDB.m in Sources */,
				2713B0161C585C63006AA96D /* Manuscripts.m in Sources */,
				2713B01C1C585C63006AA96D /* ProvideType.m in Sources */,
				2713AF9E1C4C8217006AA96D /* NetworkManager.m in Sources */,
				2713AFBF1C5214F8006AA96D /* OpenUDID.m in Sources */,
				1B1095961C5F60A000465235 /* DocTypeTriLVController.m in Sources */,
				2713B0201C585C63006AA96D /* User.m in Sources */,
				2713AFD31C55C61B006AA96D /* PlaceDB.m in Sources */,
				1B1095461C58716F00465235 /* ScriptItem.m in Sources */,
				278D928B1C48D4C80017415B /* ServerAddressDB.m in Sources */,
				27A83E301C473C060055502E /* UploadManager.m in Sources */,
				2713B01D1C585C63006AA96D /* Region.m in Sources */,
				1B622EA91C6F05D600368A1A /* UploadTaskCell.m in Sources */,
				1B1095711C59ABD700465235 /* SystemManagerController.m in Sources */,
				2713B0141C585C63006AA96D /* CommonModel.m in Sources */,
				1B1095A01C60981200465235 /* AttachDetailController.m in Sources */,
				1B10957A1C59FF3D00465235 /* EmployeeSendToAddressDB.m in Sources */,
				1B1095801C5C5D3C00465235 /* NewTagDetailViewController.m in Sources */,
				2713AFDF1C55CABA006AA96D /* NewsPriorityDB.m in Sources */,
				1B1095871C5E17D900465235 /* AuditNewsItem.m in Sources */,
				2713AFB61C51C88A006AA96D /* BasicInfoUtility.m in Sources */,
				1B1095A31C6099FF00465235 /* UIView+FirstResponder.m in Sources */,
				278D92811C489D3F0017415B /* UserDB.m in Sources */,
				2713AFD01C55C401006AA96D /* RegionDB.m in Sources */,
				1B1095841C5CEA2700465235 /* EditScriptCell.m in Sources */,
				1B10958D1C5F08E700465235 /* MAlertView.m in Sources */,
				2713AFCA1C55C16C006AA96D /* LanguageDB.m in Sources */,
				1B1095671C59A8DE00465235 /* TemplateManageController.m in Sources */,
				1B1095931C5F5BEA00465235 /* DocTypeSecLVController.m in Sources */,
				1B622EAC1C6F09E200368A1A /* TaskManagementViewController.m in Sources */,
				278D92901C48DFBE0017415B /* UIDevice+IdentifierAddition.m in Sources */,
				1B1095431C586F8F00465235 /* ManuscriptsDB.m in Sources */,
				1B622EAF1C6F18AF00368A1A /* EditingScriptController.m in Sources */,
				2713AFD91C55C907006AA96D /* ComeFromAddressDB.m in Sources */,
			);
			runOnlyForDeploymentPostprocessing = 0;
		};
		2718C0AB1C30D12300457E66 /* Sources */ = {
			isa = PBXSourcesBuildPhase;
			buildActionMask = 2147483647;
			files = (
				2718C0B41C30D12300457E66 /* CNewsProTests.m in Sources */,
			);
			runOnlyForDeploymentPostprocessing = 0;
		};
		2718C0B61C30D12300457E66 /* Sources */ = {
			isa = PBXSourcesBuildPhase;
			buildActionMask = 2147483647;
			files = (
				2718C0BF1C30D12300457E66 /* CNewsProUITests.m in Sources */,
			);
			runOnlyForDeploymentPostprocessing = 0;
		};
/* End PBXSourcesBuildPhase section */

/* Begin PBXTargetDependency section */
		2718C0B11C30D12300457E66 /* PBXTargetDependency */ = {
			isa = PBXTargetDependency;
			target = 2718C0951C30D12300457E66 /* CNewsPro */;
			targetProxy = 2718C0B01C30D12300457E66 /* PBXContainerItemProxy */;
		};
		2718C0BC1C30D12300457E66 /* PBXTargetDependency */ = {
			isa = PBXTargetDependency;
			target = 2718C0951C30D12300457E66 /* CNewsPro */;
			targetProxy = 2718C0BB1C30D12300457E66 /* PBXContainerItemProxy */;
		};
/* End PBXTargetDependency section */

/* Begin PBXVariantGroup section */
		2718C0A71C30D12300457E66 /* LaunchScreen.storyboard */ = {
			isa = PBXVariantGroup;
			children = (
				2718C0A81C30D12300457E66 /* Base */,
			);
			name = LaunchScreen.storyboard;
			sourceTree = "<group>";
		};
/* End PBXVariantGroup section */

/* Begin XCBuildConfiguration section */
		2718C0C11C30D12300457E66 /* Debug */ = {
			isa = XCBuildConfiguration;
			buildSettings = {
				ALWAYS_SEARCH_USER_PATHS = NO;
				CLANG_CXX_LANGUAGE_STANDARD = "gnu++0x";
				CLANG_CXX_LIBRARY = "libc++";
				CLANG_ENABLE_MODULES = YES;
				CLANG_ENABLE_OBJC_ARC = YES;
				CLANG_WARN_BOOL_CONVERSION = YES;
				CLANG_WARN_CONSTANT_CONVERSION = YES;
				CLANG_WARN_DIRECT_OBJC_ISA_USAGE = YES_ERROR;
				CLANG_WARN_EMPTY_BODY = YES;
				CLANG_WARN_ENUM_CONVERSION = YES;
				CLANG_WARN_INT_CONVERSION = YES;
				CLANG_WARN_OBJC_ROOT_CLASS = YES_ERROR;
				CLANG_WARN_UNREACHABLE_CODE = YES;
				CLANG_WARN__DUPLICATE_METHOD_MATCH = YES;
				"CODE_SIGN_IDENTITY[sdk=iphoneos*]" = "iPhone Developer";
				COPY_PHASE_STRIP = NO;
				DEBUG_INFORMATION_FORMAT = dwarf;
				ENABLE_STRICT_OBJC_MSGSEND = YES;
				ENABLE_TESTABILITY = YES;
				GCC_C_LANGUAGE_STANDARD = gnu99;
				GCC_DYNAMIC_NO_PIC = NO;
				GCC_NO_COMMON_BLOCKS = YES;
				GCC_OPTIMIZATION_LEVEL = 0;
				GCC_PRECOMPILE_PREFIX_HEADER = YES;
				GCC_PREFIX_HEADER = "$(SRCROOT)/CNewsPro/PrefixHeader.pch";
				GCC_PREPROCESSOR_DEFINITIONS = (
					"DEBUG=1",
					"$(inherited)",
				);
				GCC_WARN_64_TO_32_BIT_CONVERSION = YES;
				GCC_WARN_ABOUT_RETURN_TYPE = YES_ERROR;
				GCC_WARN_UNDECLARED_SELECTOR = YES;
				GCC_WARN_UNINITIALIZED_AUTOS = YES_AGGRESSIVE;
				GCC_WARN_UNUSED_FUNCTION = YES;
				GCC_WARN_UNUSED_VARIABLE = YES;
				IPHONEOS_DEPLOYMENT_TARGET = 8.0;
				MTL_ENABLE_DEBUG_INFO = YES;
				ONLY_ACTIVE_ARCH = YES;
				SDKROOT = iphoneos;
			};
			name = Debug;
		};
		2718C0C21C30D12300457E66 /* Release */ = {
			isa = XCBuildConfiguration;
			buildSettings = {
				ALWAYS_SEARCH_USER_PATHS = NO;
				CLANG_CXX_LANGUAGE_STANDARD = "gnu++0x";
				CLANG_CXX_LIBRARY = "libc++";
				CLANG_ENABLE_MODULES = YES;
				CLANG_ENABLE_OBJC_ARC = YES;
				CLANG_WARN_BOOL_CONVERSION = YES;
				CLANG_WARN_CONSTANT_CONVERSION = YES;
				CLANG_WARN_DIRECT_OBJC_ISA_USAGE = YES_ERROR;
				CLANG_WARN_EMPTY_BODY = YES;
				CLANG_WARN_ENUM_CONVERSION = YES;
				CLANG_WARN_INT_CONVERSION = YES;
				CLANG_WARN_OBJC_ROOT_CLASS = YES_ERROR;
				CLANG_WARN_UNREACHABLE_CODE = YES;
				CLANG_WARN__DUPLICATE_METHOD_MATCH = YES;
				"CODE_SIGN_IDENTITY[sdk=iphoneos*]" = "iPhone Developer";
				COPY_PHASE_STRIP = NO;
				DEBUG_INFORMATION_FORMAT = "dwarf-with-dsym";
				ENABLE_NS_ASSERTIONS = NO;
				ENABLE_STRICT_OBJC_MSGSEND = YES;
				GCC_C_LANGUAGE_STANDARD = gnu99;
				GCC_NO_COMMON_BLOCKS = YES;
				GCC_PRECOMPILE_PREFIX_HEADER = YES;
				GCC_PREFIX_HEADER = "$(SRCROOT)/CNewsPro/PrefixHeader.pch";
				GCC_WARN_64_TO_32_BIT_CONVERSION = YES;
				GCC_WARN_ABOUT_RETURN_TYPE = YES_ERROR;
				GCC_WARN_UNDECLARED_SELECTOR = YES;
				GCC_WARN_UNINITIALIZED_AUTOS = YES_AGGRESSIVE;
				GCC_WARN_UNUSED_FUNCTION = YES;
				GCC_WARN_UNUSED_VARIABLE = YES;
				IPHONEOS_DEPLOYMENT_TARGET = 8.0;
				MTL_ENABLE_DEBUG_INFO = NO;
				SDKROOT = iphoneos;
				VALIDATE_PRODUCT = YES;
			};
			name = Release;
		};
		2718C0C41C30D12300457E66 /* Debug */ = {
			isa = XCBuildConfiguration;
			baseConfigurationReference = A722D560414E2B7AA882522C /* Pods.debug.xcconfig */;
			buildSettings = {
				ASSETCATALOG_COMPILER_APPICON_NAME = AppIcon;
				FRAMEWORK_SEARCH_PATHS = (
					"$(inherited)",
					"$(PROJECT_DIR)/CNewsPro/Resources",
				);
				HEADER_SEARCH_PATHS = (
					"\"$(SDKROOT)/usr/include/libxml2\"",
					"$(SDKROOT)/usr/include/libxml2",
					"$(inherited)",
					"\"${PODS_ROOT}/Headers/Public\"",
					"\"${PODS_ROOT}/Headers/Public/ASIHTTPRequest\"",
					"\"${PODS_ROOT}/Headers/Public/JSONKit\"",
					"\"${PODS_ROOT}/Headers/Public/KissXML\"",
					"\"${PODS_ROOT}/Headers/Public/Reachability\"",
					"\"${PODS_ROOT}/Headers/Public/SVProgressHUD\"",
					"/usr/include/libxml2/**",
				);
				INFOPLIST_FILE = CNewsPro/Info.plist;
				IPHONEOS_DEPLOYMENT_TARGET = 8.0;
				LD_RUNPATH_SEARCH_PATHS = "$(inherited) @executable_path/Frameworks";
				PRODUCT_BUNDLE_IDENTIFIER = com.BGXT.CNewsPro;
				PRODUCT_NAME = "$(TARGET_NAME)";
				USER_HEADER_SEARCH_PATHS = "${SRCROOT}/**";
			};
			name = Debug;
		};
		2718C0C51C30D12300457E66 /* Release */ = {
			isa = XCBuildConfiguration;
			baseConfigurationReference = 0EB46AFD6717CD40C21788CE /* Pods.release.xcconfig */;
			buildSettings = {
				ASSETCATALOG_COMPILER_APPICON_NAME = AppIcon;
				FRAMEWORK_SEARCH_PATHS = (
					"$(inherited)",
					"$(PROJECT_DIR)/CNewsPro/Resources",
				);
				HEADER_SEARCH_PATHS = (
					"\"$(SDKROOT)/usr/include/libxml2\"",
					"$(SDKROOT)/usr/include/libxml2",
					"$(inherited)",
					"\"${PODS_ROOT}/Headers/Public\"",
					"\"${PODS_ROOT}/Headers/Public/ASIHTTPRequest\"",
					"\"${PODS_ROOT}/Headers/Public/JSONKit\"",
					"\"${PODS_ROOT}/Headers/Public/KissXML\"",
					"\"${PODS_ROOT}/Headers/Public/Reachability\"",
					"\"${PODS_ROOT}/Headers/Public/SVProgressHUD\"",
					"/usr/include/libxml2/**",
				);
				INFOPLIST_FILE = CNewsPro/Info.plist;
				IPHONEOS_DEPLOYMENT_TARGET = 8.0;
				LD_RUNPATH_SEARCH_PATHS = "$(inherited) @executable_path/Frameworks";
				PRODUCT_BUNDLE_IDENTIFIER = com.BGXT.CNewsPro;
				PRODUCT_NAME = "$(TARGET_NAME)";
				USER_HEADER_SEARCH_PATHS = "${SRCROOT}/**";
			};
			name = Release;
		};
		2718C0C71C30D12300457E66 /* Debug */ = {
			isa = XCBuildConfiguration;
			buildSettings = {
				BUNDLE_LOADER = "$(TEST_HOST)";
				INFOPLIST_FILE = CNewsProTests/Info.plist;
				LD_RUNPATH_SEARCH_PATHS = "$(inherited) @executable_path/Frameworks @loader_path/Frameworks";
				PRODUCT_BUNDLE_IDENTIFIER = com.BGXT.CNewsProTests;
				PRODUCT_NAME = "$(TARGET_NAME)";
				TEST_HOST = "$(BUILT_PRODUCTS_DIR)/CNewsPro.app/CNewsPro";
			};
			name = Debug;
		};
		2718C0C81C30D12300457E66 /* Release */ = {
			isa = XCBuildConfiguration;
			buildSettings = {
				BUNDLE_LOADER = "$(TEST_HOST)";
				INFOPLIST_FILE = CNewsProTests/Info.plist;
				LD_RUNPATH_SEARCH_PATHS = "$(inherited) @executable_path/Frameworks @loader_path/Frameworks";
				PRODUCT_BUNDLE_IDENTIFIER = com.BGXT.CNewsProTests;
				PRODUCT_NAME = "$(TARGET_NAME)";
				TEST_HOST = "$(BUILT_PRODUCTS_DIR)/CNewsPro.app/CNewsPro";
			};
			name = Release;
		};
		2718C0CA1C30D12300457E66 /* Debug */ = {
			isa = XCBuildConfiguration;
			buildSettings = {
				INFOPLIST_FILE = CNewsProUITests/Info.plist;
				LD_RUNPATH_SEARCH_PATHS = "$(inherited) @executable_path/Frameworks @loader_path/Frameworks";
				PRODUCT_BUNDLE_IDENTIFIER = com.BGXT.CNewsProUITests;
				PRODUCT_NAME = "$(TARGET_NAME)";
				TEST_TARGET_NAME = CNewsPro;
				USES_XCTRUNNER = YES;
			};
			name = Debug;
		};
		2718C0CB1C30D12300457E66 /* Release */ = {
			isa = XCBuildConfiguration;
			buildSettings = {
				INFOPLIST_FILE = CNewsProUITests/Info.plist;
				LD_RUNPATH_SEARCH_PATHS = "$(inherited) @executable_path/Frameworks @loader_path/Frameworks";
				PRODUCT_BUNDLE_IDENTIFIER = com.BGXT.CNewsProUITests;
				PRODUCT_NAME = "$(TARGET_NAME)";
				TEST_TARGET_NAME = CNewsPro;
				USES_XCTRUNNER = YES;
			};
			name = Release;
		};
/* End XCBuildConfiguration section */

/* Begin XCConfigurationList section */
		2718C0911C30D12200457E66 /* Build configuration list for PBXProject "CNewsPro" */ = {
			isa = XCConfigurationList;
			buildConfigurations = (
				2718C0C11C30D12300457E66 /* Debug */,
				2718C0C21C30D12300457E66 /* Release */,
			);
			defaultConfigurationIsVisible = 0;
			defaultConfigurationName = Release;
		};
		2718C0C31C30D12300457E66 /* Build configuration list for PBXNativeTarget "CNewsPro" */ = {
			isa = XCConfigurationList;
			buildConfigurations = (
				2718C0C41C30D12300457E66 /* Debug */,
				2718C0C51C30D12300457E66 /* Release */,
			);
			defaultConfigurationIsVisible = 0;
			defaultConfigurationName = Release;
		};
		2718C0C61C30D12300457E66 /* Build configuration list for PBXNativeTarget "CNewsProTests" */ = {
			isa = XCConfigurationList;
			buildConfigurations = (
				2718C0C71C30D12300457E66 /* Debug */,
				2718C0C81C30D12300457E66 /* Release */,
			);
			defaultConfigurationIsVisible = 0;
			defaultConfigurationName = Release;
		};
		2718C0C91C30D12300457E66 /* Build configuration list for PBXNativeTarget "CNewsProUITests" */ = {
			isa = XCConfigurationList;
			buildConfigurations = (
				2718C0CA1C30D12300457E66 /* Debug */,
				2718C0CB1C30D12300457E66 /* Release */,
			);
			defaultConfigurationIsVisible = 0;
			defaultConfigurationName = Release;
		};
/* End XCConfigurationList section */
	};
	rootObject = 2718C08E1C30D12200457E66 /* Project object */;
}
